// !$*UTF8*$!
{
	archiveVersion = 1;
	classes = {
	};
	objectVersion = 46;
	objects = {

/* Begin PBXBuildFile section */
		182D72C617D3CFAF00134224 /* UIKit.framework in Frameworks */ = {isa = PBXBuildFile; fileRef = 182D72C517D3CFAF00134224 /* UIKit.framework */; };
		182D72C817D3CFAF00134224 /* Foundation.framework in Frameworks */ = {isa = PBXBuildFile; fileRef = 182D72C717D3CFAF00134224 /* Foundation.framework */; };
		182D72CA17D3CFAF00134224 /* CoreGraphics.framework in Frameworks */ = {isa = PBXBuildFile; fileRef = 182D72C917D3CFAF00134224 /* CoreGraphics.framework */; };
		182D72CC17D3CFAF00134224 /* CoreData.framework in Frameworks */ = {isa = PBXBuildFile; fileRef = 182D72CB17D3CFAF00134224 /* CoreData.framework */; };
		182D72D217D3CFAF00134224 /* InfoPlist.strings in Resources */ = {isa = PBXBuildFile; fileRef = 182D72D017D3CFAF00134224 /* InfoPlist.strings */; };
		182D72D417D3CFAF00134224 /* main.m in Sources */ = {isa = PBXBuildFile; fileRef = 182D72D317D3CFAF00134224 /* main.m */; };
		182D72D817D3CFAF00134224 /* TRAppDelegate.m in Sources */ = {isa = PBXBuildFile; fileRef = 182D72D717D3CFAF00134224 /* TRAppDelegate.m */; };
		182D72DA17D3CFAF00134224 /* Default.png in Resources */ = {isa = PBXBuildFile; fileRef = 182D72D917D3CFAF00134224 /* Default.png */; };
		182D72DC17D3CFAF00134224 /* Default@2x.png in Resources */ = {isa = PBXBuildFile; fileRef = 182D72DB17D3CFAF00134224 /* Default@2x.png */; };
		182D72DE17D3CFAF00134224 /* Default-568h@2x.png in Resources */ = {isa = PBXBuildFile; fileRef = 182D72DD17D3CFAF00134224 /* Default-568h@2x.png */; };
		182D72E117D3CFAF00134224 /* TheRiverApp.xcdatamodeld in Sources */ = {isa = PBXBuildFile; fileRef = 182D72DF17D3CFAF00134224 /* TheRiverApp.xcdatamodeld */; };
		182D72EB17D3D73800134224 /* TRMyContactListBar.m in Sources */ = {isa = PBXBuildFile; fileRef = 182D72EA17D3D73800134224 /* TRMyContactListBar.m */; };
		182D72EE17D3D76A00134224 /* TRLeftRootMenuBar.m in Sources */ = {isa = PBXBuildFile; fileRef = 182D72ED17D3D76A00134224 /* TRLeftRootMenuBar.m */; };
		1835771217D5A38A00AE0D72 /* TRRootMenuCell.m in Sources */ = {isa = PBXBuildFile; fileRef = 1835771117D5A38A00AE0D72 /* TRRootMenuCell.m */; };
		1891D72917D643FE00281246 /* TRUserProfileController.m in Sources */ = {isa = PBXBuildFile; fileRef = 1891D72817D643FE00281246 /* TRUserProfileController.m */; };
		1891D73017D6515A00281246 /* TRHeadBox.m in Sources */ = {isa = PBXBuildFile; fileRef = 1891D72F17D6515A00281246 /* TRHeadBox.m */; };
		1891D73217D657F900281246 /* background.jpg in Resources */ = {isa = PBXBuildFile; fileRef = 1891D73117D657F900281246 /* background.jpg */; };
		1891D73B17D67FC300281246 /* TRTagsScrollBox.m in Sources */ = {isa = PBXBuildFile; fileRef = 1891D73A17D67FC300281246 /* TRTagsScrollBox.m */; };
		1891D75317D7079D00281246 /* gold.png in Resources */ = {isa = PBXBuildFile; fileRef = 1891D75017D7079D00281246 /* gold.png */; };
		1891D75417D7079D00281246 /* green.png in Resources */ = {isa = PBXBuildFile; fileRef = 1891D75117D7079D00281246 /* green.png */; };
		1891D75517D7079D00281246 /* black.png in Resources */ = {isa = PBXBuildFile; fileRef = 1891D75217D7079D00281246 /* black.png */; };
		1891D75B17D852A400281246 /* TRTestViewController.m in Sources */ = {isa = PBXBuildFile; fileRef = 1891D75A17D852A300281246 /* TRTestViewController.m */; };
		1891D75E17D8538000281246 /* TRScrollViewController.m in Sources */ = {isa = PBXBuildFile; fileRef = 1891D75D17D8537F00281246 /* TRScrollViewController.m */; };
		1891D76117D8D35A00281246 /* menu-icon.png in Resources */ = {isa = PBXBuildFile; fileRef = 1891D75F17D8D35A00281246 /* menu-icon.png */; };
		1891D76217D8D35A00281246 /* menu-icon@2x.png in Resources */ = {isa = PBXBuildFile; fileRef = 1891D76017D8D35A00281246 /* menu-icon@2x.png */; };
		1891D76517D8F48900281246 /* TRCenterRootController.m in Sources */ = {isa = PBXBuildFile; fileRef = 1891D76417D8F48800281246 /* TRCenterRootController.m */; };
		1891D76F17D8F74C00281246 /* tag.png in Resources */ = {isa = PBXBuildFile; fileRef = 1891D76617D8F74C00281246 /* tag.png */; };
		1891D77017D8F74C00281246 /* photo.png in Resources */ = {isa = PBXBuildFile; fileRef = 1891D76717D8F74C00281246 /* photo.png */; };
		1891D77117D8F74C00281246 /* wishlist.png in Resources */ = {isa = PBXBuildFile; fileRef = 1891D76817D8F74C00281246 /* wishlist.png */; };
		1891D77217D8F74C00281246 /* news.png in Resources */ = {isa = PBXBuildFile; fileRef = 1891D76917D8F74C00281246 /* news.png */; };
		1891D77317D8F74C00281246 /* map.png in Resources */ = {isa = PBXBuildFile; fileRef = 1891D76A17D8F74C00281246 /* map.png */; };
		1891D77417D8F74C00281246 /* comments.png in Resources */ = {isa = PBXBuildFile; fileRef = 1891D76B17D8F74C00281246 /* comments.png */; };
		1891D77517D8F74C00281246 /* calendar.png in Resources */ = {isa = PBXBuildFile; fileRef = 1891D76C17D8F74C00281246 /* calendar.png */; };
		1891D77617D8F74C00281246 /* bookmark.png in Resources */ = {isa = PBXBuildFile; fileRef = 1891D76D17D8F74C00281246 /* bookmark.png */; };
		1891D77717D8F74C00281246 /* nav_bg.png in Resources */ = {isa = PBXBuildFile; fileRef = 1891D76E17D8F74C00281246 /* nav_bg.png */; };
		1891D77B17D9EB8900281246 /* UISearchBar+cancelButton.m in Sources */ = {isa = PBXBuildFile; fileRef = 1891D77A17D9EB8900281246 /* UISearchBar+cancelButton.m */; };
		1891D78317DA26AB00281246 /* TRAlbumViewController.m in Sources */ = {isa = PBXBuildFile; fileRef = 1891D78217DA26AB00281246 /* TRAlbumViewController.m */; };
		1891D79D17DA298200281246 /* AQ3D-simplicity.png in Resources */ = {isa = PBXBuildFile; fileRef = 1891D78517DA298200281246 /* AQ3D-simplicity.png */; };
		1891D79E17DA298200281246 /* AQAppleTV-esque_by-mikelcroft_nl-1440.png in Resources */ = {isa = PBXBuildFile; fileRef = 1891D78617DA298200281246 /* AQAppleTV-esque_by-mikelcroft_nl-1440.png */; };
		1891D79F17DA298200281246 /* AQbatman_surfing_on_superman.png in Resources */ = {isa = PBXBuildFile; fileRef = 1891D78717DA298200281246 /* AQbatman_surfing_on_superman.png */; };
		1891D7A017DA298200281246 /* AQcoffee-break_.png in Resources */ = {isa = PBXBuildFile; fileRef = 1891D78817DA298200281246 /* AQcoffee-break_.png */; };
		1891D7A117DA298200281246 /* AQcolorful_1440x900.png in Resources */ = {isa = PBXBuildFile; fileRef = 1891D78917DA298200281246 /* AQcolorful_1440x900.png */; };
		1891D7A217DA298200281246 /* AQComposition53.png in Resources */ = {isa = PBXBuildFile; fileRef = 1891D78A17DA298200281246 /* AQComposition53.png */; };
		1891D7A317DA298200281246 /* AQDragon.png in Resources */ = {isa = PBXBuildFile; fileRef = 1891D78B17DA298200281246 /* AQDragon.png */; };
		1891D7A417DA298200281246 /* AQeclipse.png in Resources */ = {isa = PBXBuildFile; fileRef = 1891D78C17DA298200281246 /* AQeclipse.png */; };
		1891D7A517DA298200281246 /* AQface.png in Resources */ = {isa = PBXBuildFile; fileRef = 1891D78D17DA298200281246 /* AQface.png */; };
		1891D7A617DA298200281246 /* AQfocus.png in Resources */ = {isa = PBXBuildFile; fileRef = 1891D78E17DA298200281246 /* AQfocus.png */; };
		1891D7A717DA298200281246 /* AQgbo.png in Resources */ = {isa = PBXBuildFile; fileRef = 1891D78F17DA298200281246 /* AQgbo.png */; };
		1891D7A817DA298200281246 /* AQGreen_Plant_(2560x1600).png in Resources */ = {isa = PBXBuildFile; fileRef = 1891D79017DA298200281246 /* AQGreen_Plant_(2560x1600).png */; };
		1891D7A917DA298200281246 /* AQgrounded.png in Resources */ = {isa = PBXBuildFile; fileRef = 1891D79117DA298200281246 /* AQgrounded.png */; };
		1891D7AA17DA298200281246 /* AQhappy.png in Resources */ = {isa = PBXBuildFile; fileRef = 1891D79217DA298200281246 /* AQhappy.png */; };
		1891D7AB17DA298200281246 /* AQLeatherHoles-Apple.png in Resources */ = {isa = PBXBuildFile; fileRef = 1891D79317DA298200281246 /* AQLeatherHoles-Apple.png */; };
		1891D7AC17DA298200281246 /* AQLet_it_snow_by_mj_coffeeholick.png in Resources */ = {isa = PBXBuildFile; fileRef = 1891D79417DA298200281246 /* AQLet_it_snow_by_mj_coffeeholick.png */; };
		1891D7AD17DA298200281246 /* AQLuxury_Apple_by_Stratification.png in Resources */ = {isa = PBXBuildFile; fileRef = 1891D79517DA298200281246 /* AQLuxury_Apple_by_Stratification.png */; };
		1891D7AE17DA298200281246 /* AQMacMini.png in Resources */ = {isa = PBXBuildFile; fileRef = 1891D79617DA298200281246 /* AQMacMini.png */; };
		1891D7AF17DA298200281246 /* AQSlaveKingGod.png in Resources */ = {isa = PBXBuildFile; fileRef = 1891D79717DA298200281246 /* AQSlaveKingGod.png */; };
		1891D7B017DA298200281246 /* AQSnow_Leopard_by_vladstudio.png in Resources */ = {isa = PBXBuildFile; fileRef = 1891D79817DA298200281246 /* AQSnow_Leopard_by_vladstudio.png */; };
		1891D7B117DA298200281246 /* AQSpace Fold.png in Resources */ = {isa = PBXBuildFile; fileRef = 1891D79917DA298200281246 /* AQSpace Fold.png */; };
		1891D7B217DA298200281246 /* AQStormcloud_Schmeisser.png in Resources */ = {isa = PBXBuildFile; fileRef = 1891D79A17DA298200281246 /* AQStormcloud_Schmeisser.png */; };
		1891D7B317DA298200281246 /* AQtiamat.png in Resources */ = {isa = PBXBuildFile; fileRef = 1891D79B17DA298200281246 /* AQtiamat.png */; };
		1891D7B417DA298200281246 /* AQWTF.png in Resources */ = {isa = PBXBuildFile; fileRef = 1891D79C17DA298200281246 /* AQWTF.png */; };
		1891D7B717DA2F9B00281246 /* TRRootBox.m in Sources */ = {isa = PBXBuildFile; fileRef = 1891D7B617DA2F9900281246 /* TRRootBox.m */; };
		1891D7BA17DA423100281246 /* TRAlbumGridViewCell.m in Sources */ = {isa = PBXBuildFile; fileRef = 1891D7B917DA423000281246 /* TRAlbumGridViewCell.m */; };
		1891D7C117DB1AB200281246 /* ZoomView.m in Sources */ = {isa = PBXBuildFile; fileRef = 1891D7C017DB1AB200281246 /* ZoomView.m */; settings = {COMPILER_FLAGS = "-fno-objc-arc"; }; };
		1891D7C417DB1AFE00281246 /* TRImageViewController.m in Sources */ = {isa = PBXBuildFile; fileRef = 1891D7C317DB1AFE00281246 /* TRImageViewController.m */; };
		1891D7F217DB59AC00281246 /* TRUserModel.m in Sources */ = {isa = PBXBuildFile; fileRef = 1891D7F117DB59AC00281246 /* TRUserModel.m */; };
		1891D7F617DB5B3300281246 /* TRUserManager.m in Sources */ = {isa = PBXBuildFile; fileRef = 1891D7F517DB5B3300281246 /* TRUserManager.m */; };
		1891D7F817DBA53200281246 /* QuartzCore.framework in Frameworks */ = {isa = PBXBuildFile; fileRef = 1891D7F717DBA52E00281246 /* QuartzCore.framework */; };
		1891D7FB17DBC1FD00281246 /* TRContactBox.m in Sources */ = {isa = PBXBuildFile; fileRef = 1891D7FA17DBC1F800281246 /* TRContactBox.m */; };
		1891D7FE17DBC3CD00281246 /* TRTagsBox.m in Sources */ = {isa = PBXBuildFile; fileRef = 1891D7FD17DBC3C900281246 /* TRTagsBox.m */; };
		1891D80117DBC51D00281246 /* TRExMenuBox.m in Sources */ = {isa = PBXBuildFile; fileRef = 1891D80017DBC51800281246 /* TRExMenuBox.m */; };
		1891D80417DBC95000281246 /* TRBusinessTitleBox.m in Sources */ = {isa = PBXBuildFile; fileRef = 1891D80317DBC94C00281246 /* TRBusinessTitleBox.m */; };
		1891D80717DBC9DC00281246 /* TRBusinessBox.m in Sources */ = {isa = PBXBuildFile; fileRef = 1891D80617DBC9D400281246 /* TRBusinessBox.m */; };
		1891D80C17DC9AB000281246 /* TRMindBaseListVC.m in Sources */ = {isa = PBXBuildFile; fileRef = 1891D80A17DC9AB000281246 /* TRMindBaseListVC.m */; };
		1891D80D17DC9AB000281246 /* TRMindBaseListVC.xib in Resources */ = {isa = PBXBuildFile; fileRef = 1891D80B17DC9AB000281246 /* TRMindBaseListVC.xib */; };
		1891D81017DCA9E700281246 /* TRDescriptionUnitVC.m in Sources */ = {isa = PBXBuildFile; fileRef = 1891D80F17DCA9E700281246 /* TRDescriptionUnitVC.m */; };
		1891D81317DCDB7800281246 /* TRMindModel.m in Sources */ = {isa = PBXBuildFile; fileRef = 1891D81217DCDB7800281246 /* TRMindModel.m */; };
		1891D81617DCE70E00281246 /* TRMindItemCell.m in Sources */ = {isa = PBXBuildFile; fileRef = 1891D81517DCE70D00281246 /* TRMindItemCell.m */; };
		1891D81817DCEB1300281246 /* TRMindItemCell.xib in Resources */ = {isa = PBXBuildFile; fileRef = 1891D81717DCEB1200281246 /* TRMindItemCell.xib */; };
		18A108BB17DD19C400D9CD8C /* TRMindLogoBox.m in Sources */ = {isa = PBXBuildFile; fileRef = 18A108BA17DD19C400D9CD8C /* TRMindLogoBox.m */; };
		18A108BE17DD1A0800D9CD8C /* TRMindRootBox.m in Sources */ = {isa = PBXBuildFile; fileRef = 18A108BD17DD1A0800D9CD8C /* TRMindRootBox.m */; };
		18A108C117DD976500D9CD8C /* TRMindTitleBox.m in Sources */ = {isa = PBXBuildFile; fileRef = 18A108C017DD976400D9CD8C /* TRMindTitleBox.m */; };
		18A108C717DDACA900D9CD8C /* TRMindWebViewBox.m in Sources */ = {isa = PBXBuildFile; fileRef = 18A108C617DDACA900D9CD8C /* TRMindWebViewBox.m */; };
		18A108CC17DDC04C00D9CD8C /* WDActivityIndicator.bundle in Resources */ = {isa = PBXBuildFile; fileRef = 18A108C917DDC04C00D9CD8C /* WDActivityIndicator.bundle */; };
		18A108CD17DDC04C00D9CD8C /* WDActivityIndicator.m in Sources */ = {isa = PBXBuildFile; fileRef = 18A108CB17DDC04C00D9CD8C /* WDActivityIndicator.m */; };
		18A108D017DDC94900D9CD8C /* star-icon.png in Resources */ = {isa = PBXBuildFile; fileRef = 18A108CE17DDC94900D9CD8C /* star-icon.png */; };
		18A108D117DDC94900D9CD8C /* star-icon@2x.png in Resources */ = {isa = PBXBuildFile; fileRef = 18A108CF17DDC94900D9CD8C /* star-icon@2x.png */; };
		18A108D417DDCC6000D9CD8C /* TRMindRatingBox.m in Sources */ = {isa = PBXBuildFile; fileRef = 18A108D317DDCC5F00D9CD8C /* TRMindRatingBox.m */; };
		18A108D917DE100200D9CD8C /* TRBusinessBaseListVC.m in Sources */ = {isa = PBXBuildFile; fileRef = 18A108D717DE100200D9CD8C /* TRBusinessBaseListVC.m */; };
		18A108DA17DE100200D9CD8C /* TRBusinessBaseListVC.xib in Resources */ = {isa = PBXBuildFile; fileRef = 18A108D817DE100200D9CD8C /* TRBusinessBaseListVC.xib */; };
		18A108DD17DE108A00D9CD8C /* TRBusinessModel.m in Sources */ = {isa = PBXBuildFile; fileRef = 18A108DC17DE108900D9CD8C /* TRBusinessModel.m */; };
		18A108E017DE191F00D9CD8C /* TRBusinessItemCell.m in Sources */ = {isa = PBXBuildFile; fileRef = 18A108DF17DE191F00D9CD8C /* TRBusinessItemCell.m */; };
		18A108E217DE19A100D9CD8C /* TRBusinessItemCell.xib in Resources */ = {isa = PBXBuildFile; fileRef = 18A108E117DE19A100D9CD8C /* TRBusinessItemCell.xib */; };
		18A108E517DE5D2800D9CD8C /* TRBusinessDescriptionVC.m in Sources */ = {isa = PBXBuildFile; fileRef = 18A108E417DE5D2700D9CD8C /* TRBusinessDescriptionVC.m */; };
		18A108E917DE604800D9CD8C /* TRBusinessRootBox.m in Sources */ = {isa = PBXBuildFile; fileRef = 18A108E817DE604800D9CD8C /* TRBusinessRootBox.m */; };
		18A108EC17DE609600D9CD8C /* TRBusinessLogoBox.m in Sources */ = {isa = PBXBuildFile; fileRef = 18A108EB17DE609600D9CD8C /* TRBusinessLogoBox.m */; };
		18A108EF17DE618700D9CD8C /* TRBusinessUnitTitleBox.m in Sources */ = {isa = PBXBuildFile; fileRef = 18A108EE17DE618700D9CD8C /* TRBusinessUnitTitleBox.m */; };
		18A108F217DE65EE00D9CD8C /* TRBusinessWebViewBox.m in Sources */ = {isa = PBXBuildFile; fileRef = 18A108F117DE65ED00D9CD8C /* TRBusinessWebViewBox.m */; };
		18DA912317D3DCC200138EF2 /* TRRootController.m in Sources */ = {isa = PBXBuildFile; fileRef = 18DA912217D3DCC200138EF2 /* TRRootController.m */; };
		18DA912717D3DF0300138EF2 /* TRSearchBarVC.m in Sources */ = {isa = PBXBuildFile; fileRef = 18DA912617D3DF0300138EF2 /* TRSearchBarVC.m */; };
		18DA912A17D3E1A900138EF2 /* UISearchBar+CancelBtnShow.m in Sources */ = {isa = PBXBuildFile; fileRef = 18DA912917D3E1A900138EF2 /* UISearchBar+CancelBtnShow.m */; };
		18DA913517D4526000138EF2 /* IamAppleDev.jpg in Resources */ = {isa = PBXBuildFile; fileRef = 18DA913217D4526000138EF2 /* IamAppleDev.jpg */; };
		18DA913617D4526000138EF2 /* IamAppleDev2.jpg in Resources */ = {isa = PBXBuildFile; fileRef = 18DA913317D4526000138EF2 /* IamAppleDev2.jpg */; };
		18DA913717D4526000138EF2 /* IamChinaMan.JPG in Resources */ = {isa = PBXBuildFile; fileRef = 18DA913417D4526000138EF2 /* IamChinaMan.JPG */; };
		18DA913D17D4529D00138EF2 /* searchBarBG.png in Resources */ = {isa = PBXBuildFile; fileRef = 18DA913917D4529D00138EF2 /* searchBarBG.png */; };
		18DA913E17D4529D00138EF2 /* searchBarIcon.png in Resources */ = {isa = PBXBuildFile; fileRef = 18DA913A17D4529D00138EF2 /* searchBarIcon.png */; };
		18DA913F17D4529D00138EF2 /* searchBarIcon@2x.png in Resources */ = {isa = PBXBuildFile; fileRef = 18DA913B17D4529D00138EF2 /* searchBarIcon@2x.png */; };
		18DA914017D4529D00138EF2 /* searchTextBG.png in Resources */ = {isa = PBXBuildFile; fileRef = 18DA913C17D4529D00138EF2 /* searchTextBG.png */; };
		18DA914417D4757E00138EF2 /* TRSectionHeaderView.m in Sources */ = {isa = PBXBuildFile; fileRef = 18DA914317D4757E00138EF2 /* TRSectionHeaderView.m */; };
		18DA914817D4853C00138EF2 /* UIView+GestureBlocks.m in Sources */ = {isa = PBXBuildFile; fileRef = 18DA914717D4853C00138EF2 /* UIView+GestureBlocks.m */; };
		18E65E2117D4B97A00D1B778 /* TRFavoritesEditList.m in Sources */ = {isa = PBXBuildFile; fileRef = 18E65E2017D4B97A00D1B778 /* TRFavoritesEditList.m */; };
		18E65E2B17D5009700D1B778 /* MFSideMenuContainerViewController.m in Sources */ = {isa = PBXBuildFile; fileRef = 18E65E2617D5009700D1B778 /* MFSideMenuContainerViewController.m */; };
		18E65E2C17D5009700D1B778 /* MFSideMenuShadow.m in Sources */ = {isa = PBXBuildFile; fileRef = 18E65E2817D5009700D1B778 /* MFSideMenuShadow.m */; };
		18E65E2D17D5009700D1B778 /* UIViewController+MFSideMenuAdditions.m in Sources */ = {isa = PBXBuildFile; fileRef = 18E65E2A17D5009700D1B778 /* UIViewController+MFSideMenuAdditions.m */; };
		FC3EC073098C4B1B86DBC70C /* libPods.a in Frameworks */ = {isa = PBXBuildFile; fileRef = 20D9CF22E8694C9C9542AEF5 /* libPods.a */; };
/* End PBXBuildFile section */

/* Begin PBXFileReference section */
		182D72C217D3CFAF00134224 /* TheRiverApp.app */ = {isa = PBXFileReference; explicitFileType = wrapper.application; includeInIndex = 0; path = TheRiverApp.app; sourceTree = BUILT_PRODUCTS_DIR; };
		182D72C517D3CFAF00134224 /* UIKit.framework */ = {isa = PBXFileReference; lastKnownFileType = wrapper.framework; name = UIKit.framework; path = System/Library/Frameworks/UIKit.framework; sourceTree = SDKROOT; };
		182D72C717D3CFAF00134224 /* Foundation.framework */ = {isa = PBXFileReference; lastKnownFileType = wrapper.framework; name = Foundation.framework; path = System/Library/Frameworks/Foundation.framework; sourceTree = SDKROOT; };
		182D72C917D3CFAF00134224 /* CoreGraphics.framework */ = {isa = PBXFileReference; lastKnownFileType = wrapper.framework; name = CoreGraphics.framework; path = System/Library/Frameworks/CoreGraphics.framework; sourceTree = SDKROOT; };
		182D72CB17D3CFAF00134224 /* CoreData.framework */ = {isa = PBXFileReference; lastKnownFileType = wrapper.framework; name = CoreData.framework; path = System/Library/Frameworks/CoreData.framework; sourceTree = SDKROOT; };
		182D72CF17D3CFAF00134224 /* TheRiverApp-Info.plist */ = {isa = PBXFileReference; lastKnownFileType = text.plist.xml; path = "TheRiverApp-Info.plist"; sourceTree = "<group>"; };
		182D72D117D3CFAF00134224 /* en */ = {isa = PBXFileReference; lastKnownFileType = text.plist.strings; name = en; path = en.lproj/InfoPlist.strings; sourceTree = "<group>"; };
		182D72D317D3CFAF00134224 /* main.m */ = {isa = PBXFileReference; lastKnownFileType = sourcecode.c.objc; path = main.m; sourceTree = "<group>"; };
		182D72D517D3CFAF00134224 /* TheRiverApp-Prefix.pch */ = {isa = PBXFileReference; lastKnownFileType = sourcecode.c.h; path = "TheRiverApp-Prefix.pch"; sourceTree = "<group>"; };
		182D72D617D3CFAF00134224 /* TRAppDelegate.h */ = {isa = PBXFileReference; lastKnownFileType = sourcecode.c.h; path = TRAppDelegate.h; sourceTree = "<group>"; };
		182D72D717D3CFAF00134224 /* TRAppDelegate.m */ = {isa = PBXFileReference; lastKnownFileType = sourcecode.c.objc; path = TRAppDelegate.m; sourceTree = "<group>"; };
		182D72D917D3CFAF00134224 /* Default.png */ = {isa = PBXFileReference; lastKnownFileType = image.png; path = Default.png; sourceTree = "<group>"; };
		182D72DB17D3CFAF00134224 /* Default@2x.png */ = {isa = PBXFileReference; lastKnownFileType = image.png; path = "Default@2x.png"; sourceTree = "<group>"; };
		182D72DD17D3CFAF00134224 /* Default-568h@2x.png */ = {isa = PBXFileReference; lastKnownFileType = image.png; path = "Default-568h@2x.png"; sourceTree = "<group>"; };
		182D72E017D3CFAF00134224 /* TheRiverApp.xcdatamodel */ = {isa = PBXFileReference; lastKnownFileType = wrapper.xcdatamodel; path = TheRiverApp.xcdatamodel; sourceTree = "<group>"; };
		182D72E917D3D73800134224 /* TRMyContactListBar.h */ = {isa = PBXFileReference; fileEncoding = 4; lastKnownFileType = sourcecode.c.h; name = TRMyContactListBar.h; path = Controllers/SideBars/TRMyContactListBar.h; sourceTree = "<group>"; };
		182D72EA17D3D73800134224 /* TRMyContactListBar.m */ = {isa = PBXFileReference; fileEncoding = 4; lastKnownFileType = sourcecode.c.objc; name = TRMyContactListBar.m; path = Controllers/SideBars/TRMyContactListBar.m; sourceTree = "<group>"; };
		182D72EC17D3D76A00134224 /* TRLeftRootMenuBar.h */ = {isa = PBXFileReference; fileEncoding = 4; lastKnownFileType = sourcecode.c.h; name = TRLeftRootMenuBar.h; path = Controllers/SideBars/TRLeftRootMenuBar.h; sourceTree = "<group>"; };
		182D72ED17D3D76A00134224 /* TRLeftRootMenuBar.m */ = {isa = PBXFileReference; fileEncoding = 4; lastKnownFileType = sourcecode.c.objc; name = TRLeftRootMenuBar.m; path = Controllers/SideBars/TRLeftRootMenuBar.m; sourceTree = "<group>"; };
		1835771017D5A38A00AE0D72 /* TRRootMenuCell.h */ = {isa = PBXFileReference; fileEncoding = 4; lastKnownFileType = sourcecode.c.h; name = TRRootMenuCell.h; path = TableViewHelpers/TRRootMenuCell.h; sourceTree = "<group>"; };
		1835771117D5A38A00AE0D72 /* TRRootMenuCell.m */ = {isa = PBXFileReference; fileEncoding = 4; lastKnownFileType = sourcecode.c.objc; name = TRRootMenuCell.m; path = TableViewHelpers/TRRootMenuCell.m; sourceTree = "<group>"; };
		1835771317D5AB1C00AE0D72 /* Global.h */ = {isa = PBXFileReference; lastKnownFileType = sourcecode.c.h; name = Global.h; path = Common/Global.h; sourceTree = "<group>"; };
		1891D72717D643FE00281246 /* TRUserProfileController.h */ = {isa = PBXFileReference; fileEncoding = 4; lastKnownFileType = sourcecode.c.h; name = TRUserProfileController.h; path = Controllers/UserProfile/TRUserProfileController.h; sourceTree = "<group>"; };
		1891D72817D643FE00281246 /* TRUserProfileController.m */ = {isa = PBXFileReference; fileEncoding = 4; lastKnownFileType = sourcecode.c.objc; name = TRUserProfileController.m; path = Controllers/UserProfile/TRUserProfileController.m; sourceTree = "<group>"; };
		1891D72E17D6515A00281246 /* TRHeadBox.h */ = {isa = PBXFileReference; fileEncoding = 4; lastKnownFileType = sourcecode.c.h; name = TRHeadBox.h; path = Controllers/UserProfile/Layers/TRHeadBox.h; sourceTree = "<group>"; };
		1891D72F17D6515A00281246 /* TRHeadBox.m */ = {isa = PBXFileReference; fileEncoding = 4; lastKnownFileType = sourcecode.c.objc; name = TRHeadBox.m; path = Controllers/UserProfile/Layers/TRHeadBox.m; sourceTree = "<group>"; };
		1891D73117D657F900281246 /* background.jpg */ = {isa = PBXFileReference; lastKnownFileType = image.jpeg; name = background.jpg; path = Resources/background.jpg; sourceTree = "<group>"; };
		1891D73917D67FC200281246 /* TRTagsScrollBox.h */ = {isa = PBXFileReference; fileEncoding = 4; lastKnownFileType = sourcecode.c.h; name = TRTagsScrollBox.h; path = Controllers/UserProfile/Layers/TRTagsScrollBox.h; sourceTree = "<group>"; };
		1891D73A17D67FC300281246 /* TRTagsScrollBox.m */ = {isa = PBXFileReference; fileEncoding = 4; lastKnownFileType = sourcecode.c.objc; name = TRTagsScrollBox.m; path = Controllers/UserProfile/Layers/TRTagsScrollBox.m; sourceTree = "<group>"; };
		1891D75017D7079D00281246 /* gold.png */ = {isa = PBXFileReference; lastKnownFileType = image.png; path = gold.png; sourceTree = "<group>"; };
		1891D75117D7079D00281246 /* green.png */ = {isa = PBXFileReference; lastKnownFileType = image.png; path = green.png; sourceTree = "<group>"; };
		1891D75217D7079D00281246 /* black.png */ = {isa = PBXFileReference; lastKnownFileType = image.png; path = black.png; sourceTree = "<group>"; };
		1891D75917D852A200281246 /* TRTestViewController.h */ = {isa = PBXFileReference; fileEncoding = 4; lastKnownFileType = sourcecode.c.h; name = TRTestViewController.h; path = Controllers/UserProfile/TRTestViewController.h; sourceTree = "<group>"; };
		1891D75A17D852A300281246 /* TRTestViewController.m */ = {isa = PBXFileReference; fileEncoding = 4; lastKnownFileType = sourcecode.c.objc; name = TRTestViewController.m; path = Controllers/UserProfile/TRTestViewController.m; sourceTree = "<group>"; };
		1891D75C17D8537F00281246 /* TRScrollViewController.h */ = {isa = PBXFileReference; fileEncoding = 4; lastKnownFileType = sourcecode.c.h; name = TRScrollViewController.h; path = Controllers/UserProfile/TRScrollViewController.h; sourceTree = "<group>"; };
		1891D75D17D8537F00281246 /* TRScrollViewController.m */ = {isa = PBXFileReference; fileEncoding = 4; lastKnownFileType = sourcecode.c.objc; name = TRScrollViewController.m; path = Controllers/UserProfile/TRScrollViewController.m; sourceTree = "<group>"; };
		1891D75F17D8D35A00281246 /* menu-icon.png */ = {isa = PBXFileReference; lastKnownFileType = image.png; path = "menu-icon.png"; sourceTree = "<group>"; };
		1891D76017D8D35A00281246 /* menu-icon@2x.png */ = {isa = PBXFileReference; lastKnownFileType = image.png; path = "menu-icon@2x.png"; sourceTree = "<group>"; };
		1891D76317D8F48600281246 /* TRCenterRootController.h */ = {isa = PBXFileReference; fileEncoding = 4; lastKnownFileType = sourcecode.c.h; name = TRCenterRootController.h; path = Controllers/TRCenterRootController.h; sourceTree = "<group>"; };
		1891D76417D8F48800281246 /* TRCenterRootController.m */ = {isa = PBXFileReference; fileEncoding = 4; lastKnownFileType = sourcecode.c.objc; name = TRCenterRootController.m; path = Controllers/TRCenterRootController.m; sourceTree = "<group>"; };
		1891D76617D8F74C00281246 /* tag.png */ = {isa = PBXFileReference; lastKnownFileType = image.png; path = tag.png; sourceTree = "<group>"; };
		1891D76717D8F74C00281246 /* photo.png */ = {isa = PBXFileReference; lastKnownFileType = image.png; path = photo.png; sourceTree = "<group>"; };
		1891D76817D8F74C00281246 /* wishlist.png */ = {isa = PBXFileReference; lastKnownFileType = image.png; path = wishlist.png; sourceTree = "<group>"; };
		1891D76917D8F74C00281246 /* news.png */ = {isa = PBXFileReference; lastKnownFileType = image.png; path = news.png; sourceTree = "<group>"; };
		1891D76A17D8F74C00281246 /* map.png */ = {isa = PBXFileReference; lastKnownFileType = image.png; path = map.png; sourceTree = "<group>"; };
		1891D76B17D8F74C00281246 /* comments.png */ = {isa = PBXFileReference; lastKnownFileType = image.png; path = comments.png; sourceTree = "<group>"; };
		1891D76C17D8F74C00281246 /* calendar.png */ = {isa = PBXFileReference; lastKnownFileType = image.png; path = calendar.png; sourceTree = "<group>"; };
		1891D76D17D8F74C00281246 /* bookmark.png */ = {isa = PBXFileReference; lastKnownFileType = image.png; path = bookmark.png; sourceTree = "<group>"; };
		1891D76E17D8F74C00281246 /* nav_bg.png */ = {isa = PBXFileReference; lastKnownFileType = image.png; path = nav_bg.png; sourceTree = "<group>"; };
		1891D77917D9EB8900281246 /* UISearchBar+cancelButton.h */ = {isa = PBXFileReference; fileEncoding = 4; lastKnownFileType = sourcecode.c.h; name = "UISearchBar+cancelButton.h"; path = "Common/UISearchBar+cancelButton.h"; sourceTree = "<group>"; };
		1891D77A17D9EB8900281246 /* UISearchBar+cancelButton.m */ = {isa = PBXFileReference; fileEncoding = 4; lastKnownFileType = sourcecode.c.objc; name = "UISearchBar+cancelButton.m"; path = "Common/UISearchBar+cancelButton.m"; sourceTree = "<group>"; };
		1891D78117DA26AB00281246 /* TRAlbumViewController.h */ = {isa = PBXFileReference; fileEncoding = 4; lastKnownFileType = sourcecode.c.h; path = TRAlbumViewController.h; sourceTree = "<group>"; };
		1891D78217DA26AB00281246 /* TRAlbumViewController.m */ = {isa = PBXFileReference; fileEncoding = 4; lastKnownFileType = sourcecode.c.objc; path = TRAlbumViewController.m; sourceTree = "<group>"; };
		1891D78517DA298200281246 /* AQ3D-simplicity.png */ = {isa = PBXFileReference; lastKnownFileType = image.png; path = "AQ3D-simplicity.png"; sourceTree = "<group>"; };
		1891D78617DA298200281246 /* AQAppleTV-esque_by-mikelcroft_nl-1440.png */ = {isa = PBXFileReference; lastKnownFileType = image.png; path = "AQAppleTV-esque_by-mikelcroft_nl-1440.png"; sourceTree = "<group>"; };
		1891D78717DA298200281246 /* AQbatman_surfing_on_superman.png */ = {isa = PBXFileReference; lastKnownFileType = image.png; path = AQbatman_surfing_on_superman.png; sourceTree = "<group>"; };
		1891D78817DA298200281246 /* AQcoffee-break_.png */ = {isa = PBXFileReference; lastKnownFileType = image.png; path = "AQcoffee-break_.png"; sourceTree = "<group>"; };
		1891D78917DA298200281246 /* AQcolorful_1440x900.png */ = {isa = PBXFileReference; lastKnownFileType = image.png; path = AQcolorful_1440x900.png; sourceTree = "<group>"; };
		1891D78A17DA298200281246 /* AQComposition53.png */ = {isa = PBXFileReference; lastKnownFileType = image.png; path = AQComposition53.png; sourceTree = "<group>"; };
		1891D78B17DA298200281246 /* AQDragon.png */ = {isa = PBXFileReference; lastKnownFileType = image.png; path = AQDragon.png; sourceTree = "<group>"; };
		1891D78C17DA298200281246 /* AQeclipse.png */ = {isa = PBXFileReference; lastKnownFileType = image.png; path = AQeclipse.png; sourceTree = "<group>"; };
		1891D78D17DA298200281246 /* AQface.png */ = {isa = PBXFileReference; lastKnownFileType = image.png; path = AQface.png; sourceTree = "<group>"; };
		1891D78E17DA298200281246 /* AQfocus.png */ = {isa = PBXFileReference; lastKnownFileType = image.png; path = AQfocus.png; sourceTree = "<group>"; };
		1891D78F17DA298200281246 /* AQgbo.png */ = {isa = PBXFileReference; lastKnownFileType = image.png; path = AQgbo.png; sourceTree = "<group>"; };
		1891D79017DA298200281246 /* AQGreen_Plant_(2560x1600).png */ = {isa = PBXFileReference; lastKnownFileType = image.png; path = "AQGreen_Plant_(2560x1600).png"; sourceTree = "<group>"; };
		1891D79117DA298200281246 /* AQgrounded.png */ = {isa = PBXFileReference; lastKnownFileType = image.png; path = AQgrounded.png; sourceTree = "<group>"; };
		1891D79217DA298200281246 /* AQhappy.png */ = {isa = PBXFileReference; lastKnownFileType = image.png; path = AQhappy.png; sourceTree = "<group>"; };
		1891D79317DA298200281246 /* AQLeatherHoles-Apple.png */ = {isa = PBXFileReference; lastKnownFileType = image.png; path = "AQLeatherHoles-Apple.png"; sourceTree = "<group>"; };
		1891D79417DA298200281246 /* AQLet_it_snow_by_mj_coffeeholick.png */ = {isa = PBXFileReference; lastKnownFileType = image.png; path = AQLet_it_snow_by_mj_coffeeholick.png; sourceTree = "<group>"; };
		1891D79517DA298200281246 /* AQLuxury_Apple_by_Stratification.png */ = {isa = PBXFileReference; lastKnownFileType = image.png; path = AQLuxury_Apple_by_Stratification.png; sourceTree = "<group>"; };
		1891D79617DA298200281246 /* AQMacMini.png */ = {isa = PBXFileReference; lastKnownFileType = image.png; path = AQMacMini.png; sourceTree = "<group>"; };
		1891D79717DA298200281246 /* AQSlaveKingGod.png */ = {isa = PBXFileReference; lastKnownFileType = image.png; path = AQSlaveKingGod.png; sourceTree = "<group>"; };
		1891D79817DA298200281246 /* AQSnow_Leopard_by_vladstudio.png */ = {isa = PBXFileReference; lastKnownFileType = image.png; path = AQSnow_Leopard_by_vladstudio.png; sourceTree = "<group>"; };
		1891D79917DA298200281246 /* AQSpace Fold.png */ = {isa = PBXFileReference; lastKnownFileType = image.png; path = "AQSpace Fold.png"; sourceTree = "<group>"; };
		1891D79A17DA298200281246 /* AQStormcloud_Schmeisser.png */ = {isa = PBXFileReference; lastKnownFileType = image.png; path = AQStormcloud_Schmeisser.png; sourceTree = "<group>"; };
		1891D79B17DA298200281246 /* AQtiamat.png */ = {isa = PBXFileReference; lastKnownFileType = image.png; path = AQtiamat.png; sourceTree = "<group>"; };
		1891D79C17DA298200281246 /* AQWTF.png */ = {isa = PBXFileReference; lastKnownFileType = image.png; path = AQWTF.png; sourceTree = "<group>"; };
		1891D7B517DA2F9700281246 /* TRRootBox.h */ = {isa = PBXFileReference; fileEncoding = 4; lastKnownFileType = sourcecode.c.h; name = TRRootBox.h; path = Controllers/UserProfile/Layers/TRRootBox.h; sourceTree = "<group>"; };
		1891D7B617DA2F9900281246 /* TRRootBox.m */ = {isa = PBXFileReference; fileEncoding = 4; lastKnownFileType = sourcecode.c.objc; name = TRRootBox.m; path = Controllers/UserProfile/Layers/TRRootBox.m; sourceTree = "<group>"; };
		1891D7B817DA423000281246 /* TRAlbumGridViewCell.h */ = {isa = PBXFileReference; fileEncoding = 4; lastKnownFileType = sourcecode.c.h; path = TRAlbumGridViewCell.h; sourceTree = "<group>"; };
		1891D7B917DA423000281246 /* TRAlbumGridViewCell.m */ = {isa = PBXFileReference; fileEncoding = 4; lastKnownFileType = sourcecode.c.objc; path = TRAlbumGridViewCell.m; sourceTree = "<group>"; };
		1891D7BF17DB1AB200281246 /* ZoomView.h */ = {isa = PBXFileReference; fileEncoding = 4; lastKnownFileType = sourcecode.c.h; path = ZoomView.h; sourceTree = "<group>"; };
		1891D7C017DB1AB200281246 /* ZoomView.m */ = {isa = PBXFileReference; fileEncoding = 4; lastKnownFileType = sourcecode.c.objc; path = ZoomView.m; sourceTree = "<group>"; };
		1891D7C217DB1AFD00281246 /* TRImageViewController.h */ = {isa = PBXFileReference; fileEncoding = 4; lastKnownFileType = sourcecode.c.h; path = TRImageViewController.h; sourceTree = "<group>"; };
		1891D7C317DB1AFE00281246 /* TRImageViewController.m */ = {isa = PBXFileReference; fileEncoding = 4; lastKnownFileType = sourcecode.c.objc; path = TRImageViewController.m; sourceTree = "<group>"; };
		1891D7F017DB59AC00281246 /* TRUserModel.h */ = {isa = PBXFileReference; fileEncoding = 4; lastKnownFileType = sourcecode.c.h; name = TRUserModel.h; path = Model/Entity/TRUserModel.h; sourceTree = "<group>"; };
		1891D7F117DB59AC00281246 /* TRUserModel.m */ = {isa = PBXFileReference; fileEncoding = 4; lastKnownFileType = sourcecode.c.objc; name = TRUserModel.m; path = Model/Entity/TRUserModel.m; sourceTree = "<group>"; };
		1891D7F417DB5B3300281246 /* TRUserManager.h */ = {isa = PBXFileReference; fileEncoding = 4; lastKnownFileType = sourcecode.c.h; name = TRUserManager.h; path = Model/DataManagers/TRUserManager.h; sourceTree = "<group>"; };
		1891D7F517DB5B3300281246 /* TRUserManager.m */ = {isa = PBXFileReference; fileEncoding = 4; lastKnownFileType = sourcecode.c.objc; lineEnding = 0; name = TRUserManager.m; path = Model/DataManagers/TRUserManager.m; sourceTree = "<group>"; xcLanguageSpecificationIdentifier = xcode.lang.objc; };
		1891D7F717DBA52E00281246 /* QuartzCore.framework */ = {isa = PBXFileReference; lastKnownFileType = wrapper.framework; name = QuartzCore.framework; path = System/Library/Frameworks/QuartzCore.framework; sourceTree = SDKROOT; };
		1891D7F917DBC1F400281246 /* TRContactBox.h */ = {isa = PBXFileReference; fileEncoding = 4; lastKnownFileType = sourcecode.c.h; name = TRContactBox.h; path = Controllers/UserProfile/Layers/TRContactBox.h; sourceTree = "<group>"; };
		1891D7FA17DBC1F800281246 /* TRContactBox.m */ = {isa = PBXFileReference; fileEncoding = 4; lastKnownFileType = sourcecode.c.objc; name = TRContactBox.m; path = Controllers/UserProfile/Layers/TRContactBox.m; sourceTree = "<group>"; };
		1891D7FC17DBC3C600281246 /* TRTagsBox.h */ = {isa = PBXFileReference; fileEncoding = 4; lastKnownFileType = sourcecode.c.h; name = TRTagsBox.h; path = Controllers/UserProfile/Layers/TRTagsBox.h; sourceTree = "<group>"; };
		1891D7FD17DBC3C900281246 /* TRTagsBox.m */ = {isa = PBXFileReference; fileEncoding = 4; lastKnownFileType = sourcecode.c.objc; name = TRTagsBox.m; path = Controllers/UserProfile/Layers/TRTagsBox.m; sourceTree = "<group>"; };
		1891D7FF17DBC51300281246 /* TRExMenuBox.h */ = {isa = PBXFileReference; fileEncoding = 4; lastKnownFileType = sourcecode.c.h; name = TRExMenuBox.h; path = Controllers/UserProfile/Layers/TRExMenuBox.h; sourceTree = "<group>"; };
		1891D80017DBC51800281246 /* TRExMenuBox.m */ = {isa = PBXFileReference; fileEncoding = 4; lastKnownFileType = sourcecode.c.objc; name = TRExMenuBox.m; path = Controllers/UserProfile/Layers/TRExMenuBox.m; sourceTree = "<group>"; };
		1891D80217DBC94700281246 /* TRBusinessTitleBox.h */ = {isa = PBXFileReference; fileEncoding = 4; lastKnownFileType = sourcecode.c.h; name = TRBusinessTitleBox.h; path = Controllers/UserProfile/Layers/TRBusinessTitleBox.h; sourceTree = "<group>"; };
		1891D80317DBC94C00281246 /* TRBusinessTitleBox.m */ = {isa = PBXFileReference; fileEncoding = 4; lastKnownFileType = sourcecode.c.objc; name = TRBusinessTitleBox.m; path = Controllers/UserProfile/Layers/TRBusinessTitleBox.m; sourceTree = "<group>"; };
		1891D80517DBC9CF00281246 /* TRBusinessBox.h */ = {isa = PBXFileReference; fileEncoding = 4; lastKnownFileType = sourcecode.c.h; name = TRBusinessBox.h; path = Controllers/UserProfile/Layers/TRBusinessBox.h; sourceTree = "<group>"; };
		1891D80617DBC9D400281246 /* TRBusinessBox.m */ = {isa = PBXFileReference; fileEncoding = 4; lastKnownFileType = sourcecode.c.objc; name = TRBusinessBox.m; path = Controllers/UserProfile/Layers/TRBusinessBox.m; sourceTree = "<group>"; };
		1891D80917DC9AB000281246 /* TRMindBaseListVC.h */ = {isa = PBXFileReference; fileEncoding = 4; lastKnownFileType = sourcecode.c.h; name = TRMindBaseListVC.h; path = Controllers/MindBase/TRMindBaseListVC.h; sourceTree = "<group>"; };
		1891D80A17DC9AB000281246 /* TRMindBaseListVC.m */ = {isa = PBXFileReference; fileEncoding = 4; lastKnownFileType = sourcecode.c.objc; name = TRMindBaseListVC.m; path = Controllers/MindBase/TRMindBaseListVC.m; sourceTree = "<group>"; };
		1891D80B17DC9AB000281246 /* TRMindBaseListVC.xib */ = {isa = PBXFileReference; fileEncoding = 4; lastKnownFileType = file.xib; name = TRMindBaseListVC.xib; path = Controllers/MindBase/TRMindBaseListVC.xib; sourceTree = "<group>"; };
		1891D80E17DCA9E700281246 /* TRDescriptionUnitVC.h */ = {isa = PBXFileReference; fileEncoding = 4; lastKnownFileType = sourcecode.c.h; name = TRDescriptionUnitVC.h; path = Controllers/MindBase/TRDescriptionUnitVC.h; sourceTree = "<group>"; };
		1891D80F17DCA9E700281246 /* TRDescriptionUnitVC.m */ = {isa = PBXFileReference; fileEncoding = 4; lastKnownFileType = sourcecode.c.objc; name = TRDescriptionUnitVC.m; path = Controllers/MindBase/TRDescriptionUnitVC.m; sourceTree = "<group>"; };
		1891D81117DCDB7800281246 /* TRMindModel.h */ = {isa = PBXFileReference; fileEncoding = 4; lastKnownFileType = sourcecode.c.h; name = TRMindModel.h; path = Model/Entity/TRMindModel.h; sourceTree = "<group>"; };
		1891D81217DCDB7800281246 /* TRMindModel.m */ = {isa = PBXFileReference; fileEncoding = 4; lastKnownFileType = sourcecode.c.objc; name = TRMindModel.m; path = Model/Entity/TRMindModel.m; sourceTree = "<group>"; };
		1891D81417DCE70C00281246 /* TRMindItemCell.h */ = {isa = PBXFileReference; fileEncoding = 4; lastKnownFileType = sourcecode.c.h; name = TRMindItemCell.h; path = TableViewHelpers/TRMindItemCell.h; sourceTree = "<group>"; };
		1891D81517DCE70D00281246 /* TRMindItemCell.m */ = {isa = PBXFileReference; fileEncoding = 4; lastKnownFileType = sourcecode.c.objc; name = TRMindItemCell.m; path = TableViewHelpers/TRMindItemCell.m; sourceTree = "<group>"; };
		1891D81717DCEB1200281246 /* TRMindItemCell.xib */ = {isa = PBXFileReference; fileEncoding = 4; lastKnownFileType = file.xib; name = TRMindItemCell.xib; path = TableViewHelpers/TRMindItemCell.xib; sourceTree = "<group>"; };
		18A108B917DD19C400D9CD8C /* TRMindLogoBox.h */ = {isa = PBXFileReference; fileEncoding = 4; lastKnownFileType = sourcecode.c.h; name = TRMindLogoBox.h; path = Controllers/MindBase/Layers/TRMindLogoBox.h; sourceTree = "<group>"; };
		18A108BA17DD19C400D9CD8C /* TRMindLogoBox.m */ = {isa = PBXFileReference; fileEncoding = 4; lastKnownFileType = sourcecode.c.objc; name = TRMindLogoBox.m; path = Controllers/MindBase/Layers/TRMindLogoBox.m; sourceTree = "<group>"; };
		18A108BC17DD1A0800D9CD8C /* TRMindRootBox.h */ = {isa = PBXFileReference; fileEncoding = 4; lastKnownFileType = sourcecode.c.h; name = TRMindRootBox.h; path = Controllers/MindBase/Layers/TRMindRootBox.h; sourceTree = "<group>"; };
		18A108BD17DD1A0800D9CD8C /* TRMindRootBox.m */ = {isa = PBXFileReference; fileEncoding = 4; lastKnownFileType = sourcecode.c.objc; name = TRMindRootBox.m; path = Controllers/MindBase/Layers/TRMindRootBox.m; sourceTree = "<group>"; };
		18A108BF17DD976400D9CD8C /* TRMindTitleBox.h */ = {isa = PBXFileReference; fileEncoding = 4; lastKnownFileType = sourcecode.c.h; name = TRMindTitleBox.h; path = Controllers/MindBase/Layers/TRMindTitleBox.h; sourceTree = "<group>"; };
		18A108C017DD976400D9CD8C /* TRMindTitleBox.m */ = {isa = PBXFileReference; fileEncoding = 4; lastKnownFileType = sourcecode.c.objc; name = TRMindTitleBox.m; path = Controllers/MindBase/Layers/TRMindTitleBox.m; sourceTree = "<group>"; };
		18A108C517DDACA800D9CD8C /* TRMindWebViewBox.h */ = {isa = PBXFileReference; fileEncoding = 4; lastKnownFileType = sourcecode.c.h; name = TRMindWebViewBox.h; path = Controllers/MindBase/Layers/TRMindWebViewBox.h; sourceTree = "<group>"; };
		18A108C617DDACA900D9CD8C /* TRMindWebViewBox.m */ = {isa = PBXFileReference; fileEncoding = 4; lastKnownFileType = sourcecode.c.objc; name = TRMindWebViewBox.m; path = Controllers/MindBase/Layers/TRMindWebViewBox.m; sourceTree = "<group>"; };
		18A108C917DDC04C00D9CD8C /* WDActivityIndicator.bundle */ = {isa = PBXFileReference; lastKnownFileType = "wrapper.plug-in"; path = WDActivityIndicator.bundle; sourceTree = "<group>"; };
		18A108CA17DDC04C00D9CD8C /* WDActivityIndicator.h */ = {isa = PBXFileReference; fileEncoding = 4; lastKnownFileType = sourcecode.c.h; path = WDActivityIndicator.h; sourceTree = "<group>"; };
		18A108CB17DDC04C00D9CD8C /* WDActivityIndicator.m */ = {isa = PBXFileReference; fileEncoding = 4; lastKnownFileType = sourcecode.c.objc; path = WDActivityIndicator.m; sourceTree = "<group>"; };
		18A108CE17DDC94900D9CD8C /* star-icon.png */ = {isa = PBXFileReference; lastKnownFileType = image.png; path = "star-icon.png"; sourceTree = "<group>"; };
		18A108CF17DDC94900D9CD8C /* star-icon@2x.png */ = {isa = PBXFileReference; lastKnownFileType = image.png; path = "star-icon@2x.png"; sourceTree = "<group>"; };
		18A108D217DDCC5E00D9CD8C /* TRMindRatingBox.h */ = {isa = PBXFileReference; fileEncoding = 4; lastKnownFileType = sourcecode.c.h; name = TRMindRatingBox.h; path = Controllers/MindBase/Layers/TRMindRatingBox.h; sourceTree = "<group>"; };
		18A108D317DDCC5F00D9CD8C /* TRMindRatingBox.m */ = {isa = PBXFileReference; fileEncoding = 4; lastKnownFileType = sourcecode.c.objc; name = TRMindRatingBox.m; path = Controllers/MindBase/Layers/TRMindRatingBox.m; sourceTree = "<group>"; };
		18A108D617DE100200D9CD8C /* TRBusinessBaseListVC.h */ = {isa = PBXFileReference; fileEncoding = 4; lastKnownFileType = sourcecode.c.h; name = TRBusinessBaseListVC.h; path = Controllers/Business/TRBusinessBaseListVC.h; sourceTree = "<group>"; };
		18A108D717DE100200D9CD8C /* TRBusinessBaseListVC.m */ = {isa = PBXFileReference; fileEncoding = 4; lastKnownFileType = sourcecode.c.objc; name = TRBusinessBaseListVC.m; path = Controllers/Business/TRBusinessBaseListVC.m; sourceTree = "<group>"; };
		18A108D817DE100200D9CD8C /* TRBusinessBaseListVC.xib */ = {isa = PBXFileReference; fileEncoding = 4; lastKnownFileType = file.xib; name = TRBusinessBaseListVC.xib; path = Controllers/Business/TRBusinessBaseListVC.xib; sourceTree = "<group>"; };
		18A108DB17DE108900D9CD8C /* TRBusinessModel.h */ = {isa = PBXFileReference; fileEncoding = 4; lastKnownFileType = sourcecode.c.h; name = TRBusinessModel.h; path = Model/Entity/TRBusinessModel.h; sourceTree = "<group>"; };
		18A108DC17DE108900D9CD8C /* TRBusinessModel.m */ = {isa = PBXFileReference; fileEncoding = 4; lastKnownFileType = sourcecode.c.objc; name = TRBusinessModel.m; path = Model/Entity/TRBusinessModel.m; sourceTree = "<group>"; };
		18A108DE17DE191F00D9CD8C /* TRBusinessItemCell.h */ = {isa = PBXFileReference; fileEncoding = 4; lastKnownFileType = sourcecode.c.h; name = TRBusinessItemCell.h; path = TableViewHelpers/TRBusinessItemCell.h; sourceTree = "<group>"; };
		18A108DF17DE191F00D9CD8C /* TRBusinessItemCell.m */ = {isa = PBXFileReference; fileEncoding = 4; lastKnownFileType = sourcecode.c.objc; name = TRBusinessItemCell.m; path = TableViewHelpers/TRBusinessItemCell.m; sourceTree = "<group>"; };
		18A108E117DE19A100D9CD8C /* TRBusinessItemCell.xib */ = {isa = PBXFileReference; fileEncoding = 4; lastKnownFileType = file.xib; name = TRBusinessItemCell.xib; path = TableViewHelpers/TRBusinessItemCell.xib; sourceTree = "<group>"; };
		18A108E317DE5D2700D9CD8C /* TRBusinessDescriptionVC.h */ = {isa = PBXFileReference; fileEncoding = 4; lastKnownFileType = sourcecode.c.h; name = TRBusinessDescriptionVC.h; path = Controllers/Business/TRBusinessDescriptionVC.h; sourceTree = "<group>"; };
		18A108E417DE5D2700D9CD8C /* TRBusinessDescriptionVC.m */ = {isa = PBXFileReference; fileEncoding = 4; lastKnownFileType = sourcecode.c.objc; name = TRBusinessDescriptionVC.m; path = Controllers/Business/TRBusinessDescriptionVC.m; sourceTree = "<group>"; };
		18A108E717DE604800D9CD8C /* TRBusinessRootBox.h */ = {isa = PBXFileReference; fileEncoding = 4; lastKnownFileType = sourcecode.c.h; name = TRBusinessRootBox.h; path = Controllers/Business/Layers/TRBusinessRootBox.h; sourceTree = "<group>"; };
		18A108E817DE604800D9CD8C /* TRBusinessRootBox.m */ = {isa = PBXFileReference; fileEncoding = 4; lastKnownFileType = sourcecode.c.objc; name = TRBusinessRootBox.m; path = Controllers/Business/Layers/TRBusinessRootBox.m; sourceTree = "<group>"; };
		18A108EA17DE609600D9CD8C /* TRBusinessLogoBox.h */ = {isa = PBXFileReference; fileEncoding = 4; lastKnownFileType = sourcecode.c.h; name = TRBusinessLogoBox.h; path = Controllers/Business/Layers/TRBusinessLogoBox.h; sourceTree = "<group>"; };
		18A108EB17DE609600D9CD8C /* TRBusinessLogoBox.m */ = {isa = PBXFileReference; fileEncoding = 4; lastKnownFileType = sourcecode.c.objc; name = TRBusinessLogoBox.m; path = Controllers/Business/Layers/TRBusinessLogoBox.m; sourceTree = "<group>"; };
		18A108ED17DE618700D9CD8C /* TRBusinessUnitTitleBox.h */ = {isa = PBXFileReference; fileEncoding = 4; lastKnownFileType = sourcecode.c.h; name = TRBusinessUnitTitleBox.h; path = Controllers/Business/Layers/TRBusinessUnitTitleBox.h; sourceTree = "<group>"; };
		18A108EE17DE618700D9CD8C /* TRBusinessUnitTitleBox.m */ = {isa = PBXFileReference; fileEncoding = 4; lastKnownFileType = sourcecode.c.objc; name = TRBusinessUnitTitleBox.m; path = Controllers/Business/Layers/TRBusinessUnitTitleBox.m; sourceTree = "<group>"; };
		18A108F017DE65ED00D9CD8C /* TRBusinessWebViewBox.h */ = {isa = PBXFileReference; fileEncoding = 4; lastKnownFileType = sourcecode.c.h; name = TRBusinessWebViewBox.h; path = Controllers/Business/Layers/TRBusinessWebViewBox.h; sourceTree = "<group>"; };
		18A108F117DE65ED00D9CD8C /* TRBusinessWebViewBox.m */ = {isa = PBXFileReference; fileEncoding = 4; lastKnownFileType = sourcecode.c.objc; name = TRBusinessWebViewBox.m; path = Controllers/Business/Layers/TRBusinessWebViewBox.m; sourceTree = "<group>"; };
		18DA912117D3DCC200138EF2 /* TRRootController.h */ = {isa = PBXFileReference; fileEncoding = 4; lastKnownFileType = sourcecode.c.h; name = TRRootController.h; path = Controllers/TRRootController.h; sourceTree = "<group>"; };
		18DA912217D3DCC200138EF2 /* TRRootController.m */ = {isa = PBXFileReference; fileEncoding = 4; lastKnownFileType = sourcecode.c.objc; name = TRRootController.m; path = Controllers/TRRootController.m; sourceTree = "<group>"; };
		18DA912517D3DF0300138EF2 /* TRSearchBarVC.h */ = {isa = PBXFileReference; fileEncoding = 4; lastKnownFileType = sourcecode.c.h; name = TRSearchBarVC.h; path = Controllers/SearchBar/TRSearchBarVC.h; sourceTree = "<group>"; };
		18DA912617D3DF0300138EF2 /* TRSearchBarVC.m */ = {isa = PBXFileReference; fileEncoding = 4; lastKnownFileType = sourcecode.c.objc; name = TRSearchBarVC.m; path = Controllers/SearchBar/TRSearchBarVC.m; sourceTree = "<group>"; };
		18DA912817D3E1A900138EF2 /* UISearchBar+CancelBtnShow.h */ = {isa = PBXFileReference; fileEncoding = 4; lastKnownFileType = sourcecode.c.h; name = "UISearchBar+CancelBtnShow.h"; path = "Controllers/SearchBar/UISearchBar+CancelBtnShow.h"; sourceTree = "<group>"; };
		18DA912917D3E1A900138EF2 /* UISearchBar+CancelBtnShow.m */ = {isa = PBXFileReference; fileEncoding = 4; lastKnownFileType = sourcecode.c.objc; name = "UISearchBar+CancelBtnShow.m"; path = "Controllers/SearchBar/UISearchBar+CancelBtnShow.m"; sourceTree = "<group>"; };
		18DA913217D4526000138EF2 /* IamAppleDev.jpg */ = {isa = PBXFileReference; lastKnownFileType = image.jpeg; name = IamAppleDev.jpg; path = Resources/IamAppleDev.jpg; sourceTree = "<group>"; };
		18DA913317D4526000138EF2 /* IamAppleDev2.jpg */ = {isa = PBXFileReference; lastKnownFileType = image.jpeg; name = IamAppleDev2.jpg; path = Resources/IamAppleDev2.jpg; sourceTree = "<group>"; };
		18DA913417D4526000138EF2 /* IamChinaMan.JPG */ = {isa = PBXFileReference; lastKnownFileType = image.jpeg; name = IamChinaMan.JPG; path = Resources/IamChinaMan.JPG; sourceTree = "<group>"; };
		18DA913917D4529D00138EF2 /* searchBarBG.png */ = {isa = PBXFileReference; lastKnownFileType = image.png; name = searchBarBG.png; path = Resources/SearchBar/searchBarBG.png; sourceTree = "<group>"; };
		18DA913A17D4529D00138EF2 /* searchBarIcon.png */ = {isa = PBXFileReference; lastKnownFileType = image.png; name = searchBarIcon.png; path = Resources/SearchBar/searchBarIcon.png; sourceTree = "<group>"; };
		18DA913B17D4529D00138EF2 /* searchBarIcon@2x.png */ = {isa = PBXFileReference; lastKnownFileType = image.png; name = "searchBarIcon@2x.png"; path = "Resources/SearchBar/searchBarIcon@2x.png"; sourceTree = "<group>"; };
		18DA913C17D4529D00138EF2 /* searchTextBG.png */ = {isa = PBXFileReference; lastKnownFileType = image.png; name = searchTextBG.png; path = Resources/SearchBar/searchTextBG.png; sourceTree = "<group>"; };
		18DA914217D4757E00138EF2 /* TRSectionHeaderView.h */ = {isa = PBXFileReference; fileEncoding = 4; lastKnownFileType = sourcecode.c.h; name = TRSectionHeaderView.h; path = TableViewHelpers/TRSectionHeaderView.h; sourceTree = "<group>"; };
		18DA914317D4757E00138EF2 /* TRSectionHeaderView.m */ = {isa = PBXFileReference; fileEncoding = 4; lastKnownFileType = sourcecode.c.objc; name = TRSectionHeaderView.m; path = TableViewHelpers/TRSectionHeaderView.m; sourceTree = "<group>"; };
		18DA914617D4853C00138EF2 /* UIView+GestureBlocks.h */ = {isa = PBXFileReference; fileEncoding = 4; lastKnownFileType = sourcecode.c.h; name = "UIView+GestureBlocks.h"; path = "Common/UIView+GestureBlocks.h"; sourceTree = "<group>"; };
		18DA914717D4853C00138EF2 /* UIView+GestureBlocks.m */ = {isa = PBXFileReference; fileEncoding = 4; lastKnownFileType = sourcecode.c.objc; name = "UIView+GestureBlocks.m"; path = "Common/UIView+GestureBlocks.m"; sourceTree = "<group>"; };
		18E65E1F17D4B97A00D1B778 /* TRFavoritesEditList.h */ = {isa = PBXFileReference; fileEncoding = 4; lastKnownFileType = sourcecode.c.h; name = TRFavoritesEditList.h; path = Controllers/SideBars/TRFavoritesEditList.h; sourceTree = "<group>"; };
		18E65E2017D4B97A00D1B778 /* TRFavoritesEditList.m */ = {isa = PBXFileReference; fileEncoding = 4; lastKnownFileType = sourcecode.c.objc; name = TRFavoritesEditList.m; path = Controllers/SideBars/TRFavoritesEditList.m; sourceTree = "<group>"; };
		18E65E2417D5009700D1B778 /* MFSideMenu.h */ = {isa = PBXFileReference; fileEncoding = 4; lastKnownFileType = sourcecode.c.h; path = MFSideMenu.h; sourceTree = "<group>"; };
		18E65E2517D5009700D1B778 /* MFSideMenuContainerViewController.h */ = {isa = PBXFileReference; fileEncoding = 4; lastKnownFileType = sourcecode.c.h; path = MFSideMenuContainerViewController.h; sourceTree = "<group>"; };
		18E65E2617D5009700D1B778 /* MFSideMenuContainerViewController.m */ = {isa = PBXFileReference; fileEncoding = 4; lastKnownFileType = sourcecode.c.objc; path = MFSideMenuContainerViewController.m; sourceTree = "<group>"; };
		18E65E2717D5009700D1B778 /* MFSideMenuShadow.h */ = {isa = PBXFileReference; fileEncoding = 4; lastKnownFileType = sourcecode.c.h; path = MFSideMenuShadow.h; sourceTree = "<group>"; };
		18E65E2817D5009700D1B778 /* MFSideMenuShadow.m */ = {isa = PBXFileReference; fileEncoding = 4; lastKnownFileType = sourcecode.c.objc; path = MFSideMenuShadow.m; sourceTree = "<group>"; };
		18E65E2917D5009700D1B778 /* UIViewController+MFSideMenuAdditions.h */ = {isa = PBXFileReference; fileEncoding = 4; lastKnownFileType = sourcecode.c.h; path = "UIViewController+MFSideMenuAdditions.h"; sourceTree = "<group>"; };
		18E65E2A17D5009700D1B778 /* UIViewController+MFSideMenuAdditions.m */ = {isa = PBXFileReference; fileEncoding = 4; lastKnownFileType = sourcecode.c.objc; path = "UIViewController+MFSideMenuAdditions.m"; sourceTree = "<group>"; };
		20D9CF22E8694C9C9542AEF5 /* libPods.a */ = {isa = PBXFileReference; explicitFileType = archive.ar; includeInIndex = 0; path = libPods.a; sourceTree = BUILT_PRODUCTS_DIR; };
		651A28E0F2D441E39829411F /* Pods.xcconfig */ = {isa = PBXFileReference; includeInIndex = 1; lastKnownFileType = text.xcconfig; name = Pods.xcconfig; path = Pods/Pods.xcconfig; sourceTree = SOURCE_ROOT; };
/* End PBXFileReference section */

/* Begin PBXFrameworksBuildPhase section */
		182D72BF17D3CFAF00134224 /* Frameworks */ = {
			isa = PBXFrameworksBuildPhase;
			buildActionMask = 2147483647;
			files = (
				1891D7F817DBA53200281246 /* QuartzCore.framework in Frameworks */,
				182D72C617D3CFAF00134224 /* UIKit.framework in Frameworks */,
				182D72C817D3CFAF00134224 /* Foundation.framework in Frameworks */,
				182D72CA17D3CFAF00134224 /* CoreGraphics.framework in Frameworks */,
				182D72CC17D3CFAF00134224 /* CoreData.framework in Frameworks */,
				FC3EC073098C4B1B86DBC70C /* libPods.a in Frameworks */,
			);
			runOnlyForDeploymentPostprocessing = 0;
		};
/* End PBXFrameworksBuildPhase section */

/* Begin PBXGroup section */
		182D72B917D3CFAF00134224 = {
			isa = PBXGroup;
			children = (
				1891D7F717DBA52E00281246 /* QuartzCore.framework */,
				182D72CD17D3CFAF00134224 /* TheRiverApp */,
				182D72C417D3CFAF00134224 /* Frameworks */,
				182D72C317D3CFAF00134224 /* Products */,
				651A28E0F2D441E39829411F /* Pods.xcconfig */,
			);
			sourceTree = "<group>";
		};
		182D72C317D3CFAF00134224 /* Products */ = {
			isa = PBXGroup;
			children = (
				182D72C217D3CFAF00134224 /* TheRiverApp.app */,
			);
			name = Products;
			sourceTree = "<group>";
		};
		182D72C417D3CFAF00134224 /* Frameworks */ = {
			isa = PBXGroup;
			children = (
				182D72C517D3CFAF00134224 /* UIKit.framework */,
				182D72C717D3CFAF00134224 /* Foundation.framework */,
				182D72C917D3CFAF00134224 /* CoreGraphics.framework */,
				182D72CB17D3CFAF00134224 /* CoreData.framework */,
				20D9CF22E8694C9C9542AEF5 /* libPods.a */,
			);
			name = Frameworks;
			sourceTree = "<group>";
		};
		182D72CD17D3CFAF00134224 /* TheRiverApp */ = {
			isa = PBXGroup;
			children = (
				1891D7EE17DB595200281246 /* Model */,
				18E65E2217D5009700D1B778 /* ExternalLibs */,
				18DA914517D4851400138EF2 /* Common */,
				18DA914117D4750900138EF2 /* TableViewHelpers */,
				18DA912B17D44C5700138EF2 /* Resources */,
				182D72E717D3D65100134224 /* Controllers */,
				182D72D617D3CFAF00134224 /* TRAppDelegate.h */,
				182D72D717D3CFAF00134224 /* TRAppDelegate.m */,
				182D72DF17D3CFAF00134224 /* TheRiverApp.xcdatamodeld */,
				182D72CE17D3CFAF00134224 /* Supporting Files */,
			);
			path = TheRiverApp;
			sourceTree = "<group>";
		};
		182D72CE17D3CFAF00134224 /* Supporting Files */ = {
			isa = PBXGroup;
			children = (
				182D72CF17D3CFAF00134224 /* TheRiverApp-Info.plist */,
				182D72D017D3CFAF00134224 /* InfoPlist.strings */,
				182D72D317D3CFAF00134224 /* main.m */,
				182D72D517D3CFAF00134224 /* TheRiverApp-Prefix.pch */,
				182D72D917D3CFAF00134224 /* Default.png */,
				182D72DB17D3CFAF00134224 /* Default@2x.png */,
				182D72DD17D3CFAF00134224 /* Default-568h@2x.png */,
			);
			name = "Supporting Files";
			sourceTree = "<group>";
		};
		182D72E717D3D65100134224 /* Controllers */ = {
			isa = PBXGroup;
			children = (
				18A108D517DE034100D9CD8C /* Business */,
				1891D80817DC9A6100281246 /* MindBase */,
				1891D78017DA26A900281246 /* PhotoAlbum */,
				1891D72617D643BD00281246 /* UserProfile */,
				18DA912417D3DECD00138EF2 /* SearchBar */,
				182D72E817D3D65F00134224 /* SideBars */,
				18DA912117D3DCC200138EF2 /* TRRootController.h */,
				18DA912217D3DCC200138EF2 /* TRRootController.m */,
				1891D76317D8F48600281246 /* TRCenterRootController.h */,
				1891D76417D8F48800281246 /* TRCenterRootController.m */,
			);
			name = Controllers;
			sourceTree = "<group>";
		};
		182D72E817D3D65F00134224 /* SideBars */ = {
			isa = PBXGroup;
			children = (
				182D72E917D3D73800134224 /* TRMyContactListBar.h */,
				182D72EA17D3D73800134224 /* TRMyContactListBar.m */,
				182D72EC17D3D76A00134224 /* TRLeftRootMenuBar.h */,
				182D72ED17D3D76A00134224 /* TRLeftRootMenuBar.m */,
				18E65E1F17D4B97A00D1B778 /* TRFavoritesEditList.h */,
				18E65E2017D4B97A00D1B778 /* TRFavoritesEditList.m */,
			);
			name = SideBars;
			sourceTree = "<group>";
		};
		1891D72617D643BD00281246 /* UserProfile */ = {
			isa = PBXGroup;
			children = (
				1891D72D17D6505900281246 /* Layers */,
				1891D72717D643FE00281246 /* TRUserProfileController.h */,
				1891D72817D643FE00281246 /* TRUserProfileController.m */,
				1891D75917D852A200281246 /* TRTestViewController.h */,
				1891D75A17D852A300281246 /* TRTestViewController.m */,
				1891D75C17D8537F00281246 /* TRScrollViewController.h */,
				1891D75D17D8537F00281246 /* TRScrollViewController.m */,
			);
			name = UserProfile;
			sourceTree = "<group>";
		};
		1891D72D17D6505900281246 /* Layers */ = {
			isa = PBXGroup;
			children = (
				1891D7B517DA2F9700281246 /* TRRootBox.h */,
				1891D7B617DA2F9900281246 /* TRRootBox.m */,
				1891D72E17D6515A00281246 /* TRHeadBox.h */,
				1891D72F17D6515A00281246 /* TRHeadBox.m */,
				1891D7F917DBC1F400281246 /* TRContactBox.h */,
				1891D7FA17DBC1F800281246 /* TRContactBox.m */,
				1891D7FC17DBC3C600281246 /* TRTagsBox.h */,
				1891D7FD17DBC3C900281246 /* TRTagsBox.m */,
				1891D73917D67FC200281246 /* TRTagsScrollBox.h */,
				1891D73A17D67FC300281246 /* TRTagsScrollBox.m */,
				1891D7FF17DBC51300281246 /* TRExMenuBox.h */,
				1891D80017DBC51800281246 /* TRExMenuBox.m */,
				1891D80217DBC94700281246 /* TRBusinessTitleBox.h */,
				1891D80317DBC94C00281246 /* TRBusinessTitleBox.m */,
				1891D80517DBC9CF00281246 /* TRBusinessBox.h */,
				1891D80617DBC9D400281246 /* TRBusinessBox.m */,
			);
			name = Layers;
			sourceTree = "<group>";
		};
		1891D78017DA26A900281246 /* PhotoAlbum */ = {
			isa = PBXGroup;
			children = (
				1891D7BE17DB1AB200281246 /* ZoomView */,
				1891D78117DA26AB00281246 /* TRAlbumViewController.h */,
				1891D78217DA26AB00281246 /* TRAlbumViewController.m */,
				1891D7B817DA423000281246 /* TRAlbumGridViewCell.h */,
				1891D7B917DA423000281246 /* TRAlbumGridViewCell.m */,
				1891D7C217DB1AFD00281246 /* TRImageViewController.h */,
				1891D7C317DB1AFE00281246 /* TRImageViewController.m */,
			);
			name = PhotoAlbum;
			path = Controllers/PhotoAlbum;
			sourceTree = "<group>";
		};
		1891D78417DA298200281246 /* Images */ = {
			isa = PBXGroup;
			children = (
				1891D78517DA298200281246 /* AQ3D-simplicity.png */,
				1891D78617DA298200281246 /* AQAppleTV-esque_by-mikelcroft_nl-1440.png */,
				1891D78717DA298200281246 /* AQbatman_surfing_on_superman.png */,
				1891D78817DA298200281246 /* AQcoffee-break_.png */,
				1891D78917DA298200281246 /* AQcolorful_1440x900.png */,
				1891D78A17DA298200281246 /* AQComposition53.png */,
				1891D78B17DA298200281246 /* AQDragon.png */,
				1891D78C17DA298200281246 /* AQeclipse.png */,
				1891D78D17DA298200281246 /* AQface.png */,
				1891D78E17DA298200281246 /* AQfocus.png */,
				1891D78F17DA298200281246 /* AQgbo.png */,
				1891D79017DA298200281246 /* AQGreen_Plant_(2560x1600).png */,
				1891D79117DA298200281246 /* AQgrounded.png */,
				1891D79217DA298200281246 /* AQhappy.png */,
				1891D79317DA298200281246 /* AQLeatherHoles-Apple.png */,
				1891D79417DA298200281246 /* AQLet_it_snow_by_mj_coffeeholick.png */,
				1891D79517DA298200281246 /* AQLuxury_Apple_by_Stratification.png */,
				1891D79617DA298200281246 /* AQMacMini.png */,
				1891D79717DA298200281246 /* AQSlaveKingGod.png */,
				1891D79817DA298200281246 /* AQSnow_Leopard_by_vladstudio.png */,
				1891D79917DA298200281246 /* AQSpace Fold.png */,
				1891D79A17DA298200281246 /* AQStormcloud_Schmeisser.png */,
				1891D79B17DA298200281246 /* AQtiamat.png */,
				1891D79C17DA298200281246 /* AQWTF.png */,
			);
			path = Images;
			sourceTree = "<group>";
		};
		1891D7BE17DB1AB200281246 /* ZoomView */ = {
			isa = PBXGroup;
			children = (
				1891D7BF17DB1AB200281246 /* ZoomView.h */,
				1891D7C017DB1AB200281246 /* ZoomView.m */,
			);
			path = ZoomView;
			sourceTree = "<group>";
		};
		1891D7EE17DB595200281246 /* Model */ = {
			isa = PBXGroup;
			children = (
				1891D7F317DB5B0500281246 /* DataManagers */,
				1891D7EF17DB596B00281246 /* Entity */,
			);
			name = Model;
			sourceTree = "<group>";
		};
		1891D7EF17DB596B00281246 /* Entity */ = {
			isa = PBXGroup;
			children = (
				1891D7F017DB59AC00281246 /* TRUserModel.h */,
				1891D7F117DB59AC00281246 /* TRUserModel.m */,
				1891D81117DCDB7800281246 /* TRMindModel.h */,
				1891D81217DCDB7800281246 /* TRMindModel.m */,
				18A108DB17DE108900D9CD8C /* TRBusinessModel.h */,
				18A108DC17DE108900D9CD8C /* TRBusinessModel.m */,
			);
			name = Entity;
			sourceTree = "<group>";
		};
		1891D7F317DB5B0500281246 /* DataManagers */ = {
			isa = PBXGroup;
			children = (
				1891D7F417DB5B3300281246 /* TRUserManager.h */,
				1891D7F517DB5B3300281246 /* TRUserManager.m */,
			);
			name = DataManagers;
			sourceTree = "<group>";
		};
		1891D80817DC9A6100281246 /* MindBase */ = {
			isa = PBXGroup;
			children = (
				18A108B817DD199600D9CD8C /* Layers */,
				1891D80917DC9AB000281246 /* TRMindBaseListVC.h */,
				1891D80A17DC9AB000281246 /* TRMindBaseListVC.m */,
				1891D80B17DC9AB000281246 /* TRMindBaseListVC.xib */,
				1891D80E17DCA9E700281246 /* TRDescriptionUnitVC.h */,
				1891D80F17DCA9E700281246 /* TRDescriptionUnitVC.m */,
			);
			name = MindBase;
			sourceTree = "<group>";
		};
		18A108B817DD199600D9CD8C /* Layers */ = {
			isa = PBXGroup;
			children = (
				18A108BC17DD1A0800D9CD8C /* TRMindRootBox.h */,
				18A108BD17DD1A0800D9CD8C /* TRMindRootBox.m */,
				18A108B917DD19C400D9CD8C /* TRMindLogoBox.h */,
				18A108BA17DD19C400D9CD8C /* TRMindLogoBox.m */,
				18A108BF17DD976400D9CD8C /* TRMindTitleBox.h */,
				18A108C017DD976400D9CD8C /* TRMindTitleBox.m */,
				18A108C517DDACA800D9CD8C /* TRMindWebViewBox.h */,
				18A108C617DDACA900D9CD8C /* TRMindWebViewBox.m */,
				18A108D217DDCC5E00D9CD8C /* TRMindRatingBox.h */,
				18A108D317DDCC5F00D9CD8C /* TRMindRatingBox.m */,
			);
			name = Layers;
			sourceTree = "<group>";
		};
		18A108C817DDC04C00D9CD8C /* WDActivityIndicator */ = {
			isa = PBXGroup;
			children = (
				18A108C917DDC04C00D9CD8C /* WDActivityIndicator.bundle */,
				18A108CA17DDC04C00D9CD8C /* WDActivityIndicator.h */,
				18A108CB17DDC04C00D9CD8C /* WDActivityIndicator.m */,
			);
			path = WDActivityIndicator;
			sourceTree = "<group>";
		};
		18A108D517DE034100D9CD8C /* Business */ = {
			isa = PBXGroup;
			children = (
				18A108E617DE602100D9CD8C /* Layers */,
				18A108D617DE100200D9CD8C /* TRBusinessBaseListVC.h */,
				18A108D717DE100200D9CD8C /* TRBusinessBaseListVC.m */,
				18A108D817DE100200D9CD8C /* TRBusinessBaseListVC.xib */,
				18A108E317DE5D2700D9CD8C /* TRBusinessDescriptionVC.h */,
				18A108E417DE5D2700D9CD8C /* TRBusinessDescriptionVC.m */,
			);
			name = Business;
			sourceTree = "<group>";
		};
		18A108E617DE602100D9CD8C /* Layers */ = {
			isa = PBXGroup;
			children = (
				18A108E717DE604800D9CD8C /* TRBusinessRootBox.h */,
				18A108E817DE604800D9CD8C /* TRBusinessRootBox.m */,
				18A108EA17DE609600D9CD8C /* TRBusinessLogoBox.h */,
				18A108EB17DE609600D9CD8C /* TRBusinessLogoBox.m */,
				18A108ED17DE618700D9CD8C /* TRBusinessUnitTitleBox.h */,
				18A108EE17DE618700D9CD8C /* TRBusinessUnitTitleBox.m */,
				18A108F017DE65ED00D9CD8C /* TRBusinessWebViewBox.h */,
				18A108F117DE65ED00D9CD8C /* TRBusinessWebViewBox.m */,
			);
			name = Layers;
			sourceTree = "<group>";
		};
		18DA912417D3DECD00138EF2 /* SearchBar */ = {
			isa = PBXGroup;
			children = (
				18DA912517D3DF0300138EF2 /* TRSearchBarVC.h */,
				18DA912617D3DF0300138EF2 /* TRSearchBarVC.m */,
				18DA912817D3E1A900138EF2 /* UISearchBar+CancelBtnShow.h */,
				18DA912917D3E1A900138EF2 /* UISearchBar+CancelBtnShow.m */,
			);
			name = SearchBar;
			sourceTree = "<group>";
		};
		18DA912B17D44C5700138EF2 /* Resources */ = {
			isa = PBXGroup;
			children = (
				18A108CE17DDC94900D9CD8C /* star-icon.png */,
				18A108CF17DDC94900D9CD8C /* star-icon@2x.png */,
				1891D78417DA298200281246 /* Images */,
				1891D76617D8F74C00281246 /* tag.png */,
				1891D76717D8F74C00281246 /* photo.png */,
				1891D76817D8F74C00281246 /* wishlist.png */,
				1891D76917D8F74C00281246 /* news.png */,
				1891D76A17D8F74C00281246 /* map.png */,
				1891D76B17D8F74C00281246 /* comments.png */,
				1891D76C17D8F74C00281246 /* calendar.png */,
				1891D76D17D8F74C00281246 /* bookmark.png */,
				1891D76E17D8F74C00281246 /* nav_bg.png */,
				1891D75F17D8D35A00281246 /* menu-icon.png */,
				1891D76017D8D35A00281246 /* menu-icon@2x.png */,
				1891D75017D7079D00281246 /* gold.png */,
				1891D75117D7079D00281246 /* green.png */,
				1891D75217D7079D00281246 /* black.png */,
				1891D73117D657F900281246 /* background.jpg */,
				18DA913817D4526D00138EF2 /* SearchBar */,
				18DA913217D4526000138EF2 /* IamAppleDev.jpg */,
				18DA913317D4526000138EF2 /* IamAppleDev2.jpg */,
				18DA913417D4526000138EF2 /* IamChinaMan.JPG */,
			);
			name = Resources;
			sourceTree = "<group>";
		};
		18DA913817D4526D00138EF2 /* SearchBar */ = {
			isa = PBXGroup;
			children = (
				18DA913917D4529D00138EF2 /* searchBarBG.png */,
				18DA913A17D4529D00138EF2 /* searchBarIcon.png */,
				18DA913B17D4529D00138EF2 /* searchBarIcon@2x.png */,
				18DA913C17D4529D00138EF2 /* searchTextBG.png */,
			);
			name = SearchBar;
			sourceTree = "<group>";
		};
		18DA914117D4750900138EF2 /* TableViewHelpers */ = {
			isa = PBXGroup;
			children = (
				18DA914217D4757E00138EF2 /* TRSectionHeaderView.h */,
				18DA914317D4757E00138EF2 /* TRSectionHeaderView.m */,
				1835771017D5A38A00AE0D72 /* TRRootMenuCell.h */,
				1835771117D5A38A00AE0D72 /* TRRootMenuCell.m */,
				1891D81417DCE70C00281246 /* TRMindItemCell.h */,
				1891D81517DCE70D00281246 /* TRMindItemCell.m */,
				1891D81717DCEB1200281246 /* TRMindItemCell.xib */,
				18A108DE17DE191F00D9CD8C /* TRBusinessItemCell.h */,
				18A108DF17DE191F00D9CD8C /* TRBusinessItemCell.m */,
				18A108E117DE19A100D9CD8C /* TRBusinessItemCell.xib */,
			);
			name = TableViewHelpers;
			sourceTree = "<group>";
		};
		18DA914517D4851400138EF2 /* Common */ = {
			isa = PBXGroup;
			children = (
				18DA914617D4853C00138EF2 /* UIView+GestureBlocks.h */,
				18DA914717D4853C00138EF2 /* UIView+GestureBlocks.m */,
				1835771317D5AB1C00AE0D72 /* Global.h */,
				1891D77917D9EB8900281246 /* UISearchBar+cancelButton.h */,
				1891D77A17D9EB8900281246 /* UISearchBar+cancelButton.m */,
			);
			name = Common;
			sourceTree = "<group>";
		};
		18E65E2217D5009700D1B778 /* ExternalLibs */ = {
			isa = PBXGroup;
			children = (
				18A108C817DDC04C00D9CD8C /* WDActivityIndicator */,
				18E65E2317D5009700D1B778 /* MFSideMenu */,
			);
			path = ExternalLibs;
			sourceTree = "<group>";
		};
		18E65E2317D5009700D1B778 /* MFSideMenu */ = {
			isa = PBXGroup;
			children = (
				18E65E2417D5009700D1B778 /* MFSideMenu.h */,
				18E65E2517D5009700D1B778 /* MFSideMenuContainerViewController.h */,
				18E65E2617D5009700D1B778 /* MFSideMenuContainerViewController.m */,
				18E65E2717D5009700D1B778 /* MFSideMenuShadow.h */,
				18E65E2817D5009700D1B778 /* MFSideMenuShadow.m */,
				18E65E2917D5009700D1B778 /* UIViewController+MFSideMenuAdditions.h */,
				18E65E2A17D5009700D1B778 /* UIViewController+MFSideMenuAdditions.m */,
			);
			path = MFSideMenu;
			sourceTree = "<group>";
		};
/* End PBXGroup section */

/* Begin PBXNativeTarget section */
		182D72C117D3CFAF00134224 /* TheRiverApp */ = {
			isa = PBXNativeTarget;
			buildConfigurationList = 182D72E417D3CFAF00134224 /* Build configuration list for PBXNativeTarget "TheRiverApp" */;
			buildPhases = (
				6C709524899D4AC5937E7341 /* Check Pods Manifest.lock */,
				182D72BE17D3CFAF00134224 /* Sources */,
				182D72BF17D3CFAF00134224 /* Frameworks */,
				182D72C017D3CFAF00134224 /* Resources */,
				27A8FB87191A4F0084C2ACFA /* Copy Pods Resources */,
			);
			buildRules = (
			);
			dependencies = (
			);
			name = TheRiverApp;
			productName = TheRiverApp;
			productReference = 182D72C217D3CFAF00134224 /* TheRiverApp.app */;
			productType = "com.apple.product-type.application";
		};
/* End PBXNativeTarget section */

/* Begin PBXProject section */
		182D72BA17D3CFAF00134224 /* Project object */ = {
			isa = PBXProject;
			attributes = {
				CLASSPREFIX = TR;
				LastUpgradeCheck = 0460;
				ORGANIZATIONNAME = axbx;
			};
			buildConfigurationList = 182D72BD17D3CFAF00134224 /* Build configuration list for PBXProject "TheRiverApp" */;
			compatibilityVersion = "Xcode 3.2";
			developmentRegion = English;
			hasScannedForEncodings = 0;
			knownRegions = (
				en,
			);
			mainGroup = 182D72B917D3CFAF00134224;
			productRefGroup = 182D72C317D3CFAF00134224 /* Products */;
			projectDirPath = "";
			projectRoot = "";
			targets = (
				182D72C117D3CFAF00134224 /* TheRiverApp */,
			);
		};
/* End PBXProject section */

/* Begin PBXResourcesBuildPhase section */
		182D72C017D3CFAF00134224 /* Resources */ = {
			isa = PBXResourcesBuildPhase;
			buildActionMask = 2147483647;
			files = (
				182D72D217D3CFAF00134224 /* InfoPlist.strings in Resources */,
				182D72DA17D3CFAF00134224 /* Default.png in Resources */,
				182D72DC17D3CFAF00134224 /* Default@2x.png in Resources */,
				182D72DE17D3CFAF00134224 /* Default-568h@2x.png in Resources */,
				18DA913517D4526000138EF2 /* IamAppleDev.jpg in Resources */,
				18DA913617D4526000138EF2 /* IamAppleDev2.jpg in Resources */,
				18DA913717D4526000138EF2 /* IamChinaMan.JPG in Resources */,
				18DA913D17D4529D00138EF2 /* searchBarBG.png in Resources */,
				18DA913E17D4529D00138EF2 /* searchBarIcon.png in Resources */,
				18DA913F17D4529D00138EF2 /* searchBarIcon@2x.png in Resources */,
				18DA914017D4529D00138EF2 /* searchTextBG.png in Resources */,
				1891D73217D657F900281246 /* background.jpg in Resources */,
				1891D75317D7079D00281246 /* gold.png in Resources */,
				1891D75417D7079D00281246 /* green.png in Resources */,
				1891D75517D7079D00281246 /* black.png in Resources */,
				1891D76117D8D35A00281246 /* menu-icon.png in Resources */,
				1891D76217D8D35A00281246 /* menu-icon@2x.png in Resources */,
				1891D76F17D8F74C00281246 /* tag.png in Resources */,
				1891D77017D8F74C00281246 /* photo.png in Resources */,
				1891D77117D8F74C00281246 /* wishlist.png in Resources */,
				1891D77217D8F74C00281246 /* news.png in Resources */,
				1891D77317D8F74C00281246 /* map.png in Resources */,
				1891D77417D8F74C00281246 /* comments.png in Resources */,
				1891D77517D8F74C00281246 /* calendar.png in Resources */,
				1891D77617D8F74C00281246 /* bookmark.png in Resources */,
				1891D77717D8F74C00281246 /* nav_bg.png in Resources */,
				1891D79D17DA298200281246 /* AQ3D-simplicity.png in Resources */,
				1891D79E17DA298200281246 /* AQAppleTV-esque_by-mikelcroft_nl-1440.png in Resources */,
				1891D79F17DA298200281246 /* AQbatman_surfing_on_superman.png in Resources */,
				1891D7A017DA298200281246 /* AQcoffee-break_.png in Resources */,
				1891D7A117DA298200281246 /* AQcolorful_1440x900.png in Resources */,
				1891D7A217DA298200281246 /* AQComposition53.png in Resources */,
				1891D7A317DA298200281246 /* AQDragon.png in Resources */,
				1891D7A417DA298200281246 /* AQeclipse.png in Resources */,
				1891D7A517DA298200281246 /* AQface.png in Resources */,
				1891D7A617DA298200281246 /* AQfocus.png in Resources */,
				1891D7A717DA298200281246 /* AQgbo.png in Resources */,
				1891D7A817DA298200281246 /* AQGreen_Plant_(2560x1600).png in Resources */,
				1891D7A917DA298200281246 /* AQgrounded.png in Resources */,
				1891D7AA17DA298200281246 /* AQhappy.png in Resources */,
				1891D7AB17DA298200281246 /* AQLeatherHoles-Apple.png in Resources */,
				1891D7AC17DA298200281246 /* AQLet_it_snow_by_mj_coffeeholick.png in Resources */,
				1891D7AD17DA298200281246 /* AQLuxury_Apple_by_Stratification.png in Resources */,
				1891D7AE17DA298200281246 /* AQMacMini.png in Resources */,
				1891D7AF17DA298200281246 /* AQSlaveKingGod.png in Resources */,
				1891D7B017DA298200281246 /* AQSnow_Leopard_by_vladstudio.png in Resources */,
				1891D7B117DA298200281246 /* AQSpace Fold.png in Resources */,
				1891D7B217DA298200281246 /* AQStormcloud_Schmeisser.png in Resources */,
				1891D7B317DA298200281246 /* AQtiamat.png in Resources */,
				1891D7B417DA298200281246 /* AQWTF.png in Resources */,
				1891D80D17DC9AB000281246 /* TRMindBaseListVC.xib in Resources */,
				1891D81817DCEB1300281246 /* TRMindItemCell.xib in Resources */,
				18A108CC17DDC04C00D9CD8C /* WDActivityIndicator.bundle in Resources */,
				18A108D017DDC94900D9CD8C /* star-icon.png in Resources */,
				18A108D117DDC94900D9CD8C /* star-icon@2x.png in Resources */,
				18A108DA17DE100200D9CD8C /* TRBusinessBaseListVC.xib in Resources */,
				18A108E217DE19A100D9CD8C /* TRBusinessItemCell.xib in Resources */,
			);
			runOnlyForDeploymentPostprocessing = 0;
		};
/* End PBXResourcesBuildPhase section */

/* Begin PBXShellScriptBuildPhase section */
		27A8FB87191A4F0084C2ACFA /* Copy Pods Resources */ = {
			isa = PBXShellScriptBuildPhase;
			buildActionMask = 2147483647;
			files = (
			);
			inputPaths = (
			);
			name = "Copy Pods Resources";
			outputPaths = (
			);
			runOnlyForDeploymentPostprocessing = 0;
			shellPath = /bin/sh;
			shellScript = "\"${SRCROOT}/Pods/Pods-resources.sh\"\n";
		};
		6C709524899D4AC5937E7341 /* Check Pods Manifest.lock */ = {
			isa = PBXShellScriptBuildPhase;
			buildActionMask = 2147483647;
			files = (
			);
			inputPaths = (
			);
			name = "Check Pods Manifest.lock";
			outputPaths = (
			);
			runOnlyForDeploymentPostprocessing = 0;
			shellPath = /bin/sh;
			shellScript = "diff \"${PODS_ROOT}/../Podfile.lock\" \"${PODS_ROOT}/Manifest.lock\" > /dev/null\nif [[ $? != 0 ]] ; then\n    cat << EOM\nerror: The sandbox is not in sync with the Podfile.lock. Run 'pod install' or update your CocoaPods installation.\nEOM\n    exit 1\nfi\n";
		};
/* End PBXShellScriptBuildPhase section */

/* Begin PBXSourcesBuildPhase section */
		182D72BE17D3CFAF00134224 /* Sources */ = {
			isa = PBXSourcesBuildPhase;
			buildActionMask = 2147483647;
			files = (
				182D72D417D3CFAF00134224 /* main.m in Sources */,
				182D72D817D3CFAF00134224 /* TRAppDelegate.m in Sources */,
				182D72E117D3CFAF00134224 /* TheRiverApp.xcdatamodeld in Sources */,
				182D72EB17D3D73800134224 /* TRMyContactListBar.m in Sources */,
				182D72EE17D3D76A00134224 /* TRLeftRootMenuBar.m in Sources */,
				18DA912317D3DCC200138EF2 /* TRRootController.m in Sources */,
				18DA912717D3DF0300138EF2 /* TRSearchBarVC.m in Sources */,
				18DA912A17D3E1A900138EF2 /* UISearchBar+CancelBtnShow.m in Sources */,
				18DA914417D4757E00138EF2 /* TRSectionHeaderView.m in Sources */,
				18DA914817D4853C00138EF2 /* UIView+GestureBlocks.m in Sources */,
				18E65E2117D4B97A00D1B778 /* TRFavoritesEditList.m in Sources */,
				18E65E2B17D5009700D1B778 /* MFSideMenuContainerViewController.m in Sources */,
				18E65E2C17D5009700D1B778 /* MFSideMenuShadow.m in Sources */,
				18E65E2D17D5009700D1B778 /* UIViewController+MFSideMenuAdditions.m in Sources */,
				1835771217D5A38A00AE0D72 /* TRRootMenuCell.m in Sources */,
				1891D72917D643FE00281246 /* TRUserProfileController.m in Sources */,
				1891D73017D6515A00281246 /* TRHeadBox.m in Sources */,
				1891D73B17D67FC300281246 /* TRTagsScrollBox.m in Sources */,
				1891D75B17D852A400281246 /* TRTestViewController.m in Sources */,
				1891D75E17D8538000281246 /* TRScrollViewController.m in Sources */,
				1891D76517D8F48900281246 /* TRCenterRootController.m in Sources */,
				1891D77B17D9EB8900281246 /* UISearchBar+cancelButton.m in Sources */,
				1891D78317DA26AB00281246 /* TRAlbumViewController.m in Sources */,
				1891D7B717DA2F9B00281246 /* TRRootBox.m in Sources */,
				1891D7BA17DA423100281246 /* TRAlbumGridViewCell.m in Sources */,
				1891D7C117DB1AB200281246 /* ZoomView.m in Sources */,
				1891D7C417DB1AFE00281246 /* TRImageViewController.m in Sources */,
				1891D7F217DB59AC00281246 /* TRUserModel.m in Sources */,
				1891D7F617DB5B3300281246 /* TRUserManager.m in Sources */,
				1891D7FB17DBC1FD00281246 /* TRContactBox.m in Sources */,
				1891D7FE17DBC3CD00281246 /* TRTagsBox.m in Sources */,
				1891D80117DBC51D00281246 /* TRExMenuBox.m in Sources */,
				1891D80417DBC95000281246 /* TRBusinessTitleBox.m in Sources */,
				1891D80717DBC9DC00281246 /* TRBusinessBox.m in Sources */,
				1891D80C17DC9AB000281246 /* TRMindBaseListVC.m in Sources */,
				1891D81017DCA9E700281246 /* TRDescriptionUnitVC.m in Sources */,
				1891D81317DCDB7800281246 /* TRMindModel.m in Sources */,
				1891D81617DCE70E00281246 /* TRMindItemCell.m in Sources */,
				18A108BB17DD19C400D9CD8C /* TRMindLogoBox.m in Sources */,
				18A108BE17DD1A0800D9CD8C /* TRMindRootBox.m in Sources */,
				18A108C117DD976500D9CD8C /* TRMindTitleBox.m in Sources */,
				18A108C717DDACA900D9CD8C /* TRMindWebViewBox.m in Sources */,
				18A108CD17DDC04C00D9CD8C /* WDActivityIndicator.m in Sources */,
				18A108D417DDCC6000D9CD8C /* TRMindRatingBox.m in Sources */,
				18A108D917DE100200D9CD8C /* TRBusinessBaseListVC.m in Sources */,
				18A108DD17DE108A00D9CD8C /* TRBusinessModel.m in Sources */,
				18A108E017DE191F00D9CD8C /* TRBusinessItemCell.m in Sources */,
				18A108E517DE5D2800D9CD8C /* TRBusinessDescriptionVC.m in Sources */,
				18A108E917DE604800D9CD8C /* TRBusinessRootBox.m in Sources */,
				18A108EC17DE609600D9CD8C /* TRBusinessLogoBox.m in Sources */,
				18A108EF17DE618700D9CD8C /* TRBusinessUnitTitleBox.m in Sources */,
				18A108F217DE65EE00D9CD8C /* TRBusinessWebViewBox.m in Sources */,
			);
			runOnlyForDeploymentPostprocessing = 0;
		};
/* End PBXSourcesBuildPhase section */

/* Begin PBXVariantGroup section */
		182D72D017D3CFAF00134224 /* InfoPlist.strings */ = {
			isa = PBXVariantGroup;
			children = (
				182D72D117D3CFAF00134224 /* en */,
			);
			name = InfoPlist.strings;
			sourceTree = "<group>";
		};
/* End PBXVariantGroup section */

/* Begin XCBuildConfiguration section */
		182D72E217D3CFAF00134224 /* Debug */ = {
			isa = XCBuildConfiguration;
			buildSettings = {
				ALWAYS_SEARCH_USER_PATHS = NO;
				CLANG_CXX_LANGUAGE_STANDARD = "gnu++0x";
				CLANG_CXX_LIBRARY = "libc++";
				CLANG_ENABLE_OBJC_ARC = YES;
				CLANG_WARN_CONSTANT_CONVERSION = YES;
				CLANG_WARN_EMPTY_BODY = YES;
				CLANG_WARN_ENUM_CONVERSION = YES;
				CLANG_WARN_INT_CONVERSION = YES;
				CLANG_WARN__DUPLICATE_METHOD_MATCH = YES;
				"CODE_SIGN_IDENTITY[sdk=iphoneos*]" = "iPhone Developer";
				COPY_PHASE_STRIP = NO;
				GCC_C_LANGUAGE_STANDARD = gnu99;
				GCC_DYNAMIC_NO_PIC = NO;
				GCC_OPTIMIZATION_LEVEL = 0;
				GCC_PREPROCESSOR_DEFINITIONS = (
					"DEBUG=1",
					"$(inherited)",
				);
				GCC_SYMBOLS_PRIVATE_EXTERN = NO;
				GCC_WARN_ABOUT_RETURN_TYPE = YES;
				GCC_WARN_UNINITIALIZED_AUTOS = YES;
				GCC_WARN_UNUSED_VARIABLE = YES;
				IPHONEOS_DEPLOYMENT_TARGET = 6.1;
				ONLY_ACTIVE_ARCH = YES;
				SDKROOT = iphoneos;
			};
			name = Debug;
		};
		182D72E317D3CFAF00134224 /* Release */ = {
			isa = XCBuildConfiguration;
			buildSettings = {
				ALWAYS_SEARCH_USER_PATHS = NO;
				CLANG_CXX_LANGUAGE_STANDARD = "gnu++0x";
				CLANG_CXX_LIBRARY = "libc++";
				CLANG_ENABLE_OBJC_ARC = YES;
				CLANG_WARN_CONSTANT_CONVERSION = YES;
				CLANG_WARN_EMPTY_BODY = YES;
				CLANG_WARN_ENUM_CONVERSION = YES;
				CLANG_WARN_INT_CONVERSION = YES;
				CLANG_WARN__DUPLICATE_METHOD_MATCH = YES;
				"CODE_SIGN_IDENTITY[sdk=iphoneos*]" = "iPhone Developer";
				COPY_PHASE_STRIP = YES;
				GCC_C_LANGUAGE_STANDARD = gnu99;
				GCC_WARN_ABOUT_RETURN_TYPE = YES;
				GCC_WARN_UNINITIALIZED_AUTOS = YES;
				GCC_WARN_UNUSED_VARIABLE = YES;
				IPHONEOS_DEPLOYMENT_TARGET = 6.1;
				OTHER_CFLAGS = "-DNS_BLOCK_ASSERTIONS=1";
				SDKROOT = iphoneos;
				VALIDATE_PRODUCT = YES;
			};
			name = Release;
		};
		182D72E517D3CFAF00134224 /* Debug */ = {
			isa = XCBuildConfiguration;
			baseConfigurationReference = 651A28E0F2D441E39829411F /* Pods.xcconfig */;
			buildSettings = {
				CODE_SIGN_IDENTITY = "iPhone Developer: Denis Dubov (696B5QNB3Y)";
				GCC_PRECOMPILE_PREFIX_HEADER = YES;
				GCC_PREFIX_HEADER = "TheRiverApp/TheRiverApp-Prefix.pch";
				INFOPLIST_FILE = "TheRiverApp/TheRiverApp-Info.plist";
				PRODUCT_NAME = "$(TARGET_NAME)";
				PROVISIONING_PROFILE = "EBC73F8C-AFBD-4B45-A208-0DAB01721EDE";
				WRAPPER_EXTENSION = app;
			};
			name = Debug;
		};
		182D72E617D3CFAF00134224 /* Release */ = {
			isa = XCBuildConfiguration;
			baseConfigurationReference = 651A28E0F2D441E39829411F /* Pods.xcconfig */;
			buildSettings = {
				CODE_SIGN_IDENTITY = "iPhone Developer: Denis Dubov (696B5QNB3Y)";
				GCC_PRECOMPILE_PREFIX_HEADER = YES;
				GCC_PREFIX_HEADER = "TheRiverApp/TheRiverApp-Prefix.pch";
				INFOPLIST_FILE = "TheRiverApp/TheRiverApp-Info.plist";
				PRODUCT_NAME = "$(TARGET_NAME)";
				PROVISIONING_PROFILE = "EBC73F8C-AFBD-4B45-A208-0DAB01721EDE";
				WRAPPER_EXTENSION = app;
			};
			name = Release;
		};
/* End XCBuildConfiguration section */

/* Begin XCConfigurationList section */
		182D72BD17D3CFAF00134224 /* Build configuration list for PBXProject "TheRiverApp" */ = {
			isa = XCConfigurationList;
			buildConfigurations = (
				182D72E217D3CFAF00134224 /* Debug */,
				182D72E317D3CFAF00134224 /* Release */,
			);
			defaultConfigurationIsVisible = 0;
			defaultConfigurationName = Release;
		};
		182D72E417D3CFAF00134224 /* Build configuration list for PBXNativeTarget "TheRiverApp" */ = {
			isa = XCConfigurationList;
			buildConfigurations = (
				182D72E517D3CFAF00134224 /* Debug */,
				182D72E617D3CFAF00134224 /* Release */,
			);
			defaultConfigurationIsVisible = 0;
			defaultConfigurationName = Release;
		};
/* End XCConfigurationList section */

/* Begin XCVersionGroup section */
		182D72DF17D3CFAF00134224 /* TheRiverApp.xcdatamodeld */ = {
			isa = XCVersionGroup;
			children = (
				182D72E017D3CFAF00134224 /* TheRiverApp.xcdatamodel */,
			);
			currentVersion = 182D72E017D3CFAF00134224 /* TheRiverApp.xcdatamodel */;
			path = TheRiverApp.xcdatamodeld;
			sourceTree = "<group>";
			versionGroupType = wrapper.xcdatamodel;
		};
/* End XCVersionGroup section */
	};
	rootObject = 182D72BA17D3CFAF00134224 /* Project object */;
}
