PODS:
  - ABMultiton (1.2.1)
  - ACPButton (1.0.0)
  - AFNetworking (1.3.3)
  - AFXAuthClient (1.0.8):
    - AFNetworking (~> 1.3)
  - AQGridView (1.3)
  - DEFacebookComposeViewController (1.0.0):
    - Facebook-iOS-SDK (~> 3.1)
  - DWTagList (0.0.2)
  - Facebook-iOS-SDK (3.8.0)
  - HRCoder (1.2.2)
  - jastor (0.1.0)
  - JSONKit (1.5pre)
  - LRResty (0.11.0):
    - NSData+Base64 (~> 1.0)
  - MBProgressHUD (0.8)
  - MGBox2 (2.0.0)
  - MIHGradientView (1.0.0)
  - NSData+Base64 (1.0.0)
  - NSString+RMURLEncoding (0.1.0)
  - NVUIGradientButton (1.6.1)
  - PocketAPI (1.0.2)
  - REActivityViewController (1.6.7):
    - AFNetworking (~> 1.3)
    - AFXAuthClient (~> 1.0.8)
    - DEFacebookComposeViewController (~> 1.0.0)
    - Facebook-iOS-SDK (>= 3.5)
    - PocketAPI (~> 1.0.2)
    - REComposeViewController (~> 2.1.2)
    - SFHFKeychainUtils (~> 0.0.1)
  - REComposeViewController (2.1.2)
  - RNBlurModalView (0.1.0)
  - RNGridMenu (0.1.3)
  - ScrollViewMenuSlider (1.0.1)
  - SDWebImage (3.4):
    - SDWebImage/Core
  - SDWebImage/Core (3.4)
  - SFHFKeychainUtils (0.0.1)
  - SIAlertView (1.2)
  - SSToolkit (1.0.4)
  - TDBadgedCell (2.4.1)
  - TTTAttributedLabel (1.7.1)
  - UIActivityIndicator-for-SDWebImage (1.0.0):
    - SDWebImage (~> 3.2)
  - uservoice-iphone-sdk (2.0.12)

DEPENDENCIES:
  - ABMultiton
  - ACPButton
  - AQGridView
  - DWTagList
  - HRCoder
  - jastor
  - JSONKit
  - LRResty
  - MBProgressHUD (~> 0.7)
  - MGBox2
  - MIHGradientView
  - NSString+RMURLEncoding
  - NVUIGradientButton
  - REActivityViewController (~> 1.6.6)
  - RNBlurModalView (~> 0.1.0)
  - RNGridMenu
  - ScrollViewMenuSlider (from `https://raw.github.com/finn-no/ScrollViewMenuSlider/master/ScrollViewMenuSlider.podspec`)
  - SDWebImage
  - SIAlertView
  - SSToolkit
  - TDBadgedCell
  - TTTAttributedLabel
  - UIActivityIndicator-for-SDWebImage
  - uservoice-iphone-sdk

EXTERNAL SOURCES:
  ScrollViewMenuSlider:
    :podspec: https://raw.github.com/finn-no/ScrollViewMenuSlider/master/ScrollViewMenuSlider.podspec

SPEC CHECKSUMS:
  ABMultiton: b0a22178919b139e0b3921825ace1b36ca8e8b91
  ACPButton: 187740a84eb54740075178a3125403164c6473df
  AFNetworking: 0700ec7a58c36ad217173e167f6e4df7270df66b
  AFXAuthClient: 29dfca79bac4d8b1e83a1eeb126b231e03c64fa1
  AQGridView: ee436c64bc4a972ca7f3ce99971c0204af9e65ea
  DEFacebookComposeViewController: b26811d6775594df2a386406655c9f2828f041cc
  DWTagList: 76302ed894130ed285e95eb11e704a55593101ab
  Facebook-iOS-SDK: 55a22fe8bcaacd638cde9014af6b3ee85f4d71fb
  HRCoder: 686700a4246e96844cc898052da171229ee5f65d
  jastor: 9cb5ac45a9abae145d030ba3bf83a679d29738ac
  JSONKit: 409734ab3407fce90ef7eaa95d7168f38d9a6601
  LRResty: 5e4c1b91bc5f878d64e965facd5cc9320b9ed3e2
  MBProgressHUD: 2bbc6f470111daf7f3eaa4eb12b8cbf01c4c0622
  MGBox2: 7c09e36c2271f9af16fdb5141a0ca554ecee4d8d
  MIHGradientView: 6d1f937a396c7aee2650ab09cba4af420919bdf0
  NSData+Base64: 36c4e5b6479259c1a68866ccd2a8dd385c9744f7
  NSString+RMURLEncoding: f2a8c822486cdbe5c46638e85bc159aaa3ebc2b8
  NVUIGradientButton: bea9ead8be151e7603e1df63b664744f916da1b1
  PocketAPI: 2ed51391e6ea7a48c707528f782f5a2cb0eab80e
  REActivityViewController: f316ad5efd3d0b6119f21303dacb20e5dc4e1112
  REComposeViewController: 6f1ab35ff54d6bfb65374b3f492e414e1ec1a0db
  RNBlurModalView: ab3855ced43749cb0fb4d370160bd2908476c8b6
  RNGridMenu: 8aed69538abb8280f496a88fb24e0cf7dd180caf
  ScrollViewMenuSlider: c0a6a72f0f714a318812efcf2faf8417724402d5
  SDWebImage: 366188f04c019bfd712d45e3b36aa52070f4abd8
  SFHFKeychainUtils: e828dbd9eaa509486acf95d8de2ebd414c4b7451
  SIAlertView: fd188f66278761f4ff069f517c3deb2be16ecdcc
  SSToolkit: 689acaedac79c2079e492e528a55bcb5db9d98c4
  TDBadgedCell: 16b3256427b4bfc61e7822f0c3eebc6b71cad60d
  TTTAttributedLabel: e504133915a9b11de63cb470ffa2790383a3eb23
  UIActivityIndicator-for-SDWebImage: c5e8f6208e302b94bc50505dd24c78f34af8a749
  uservoice-iphone-sdk: 1a6b31c204a6208225197f100a67d286f51b9f0d

COCOAPODS: 0.23.0
