PODS:
  - ABMultiton (1.2.1)
  - ACPButton (1.0.0)
  - AFNetworking (1.3.2)
  - AFXAuthClient (1.0.8):
    - AFNetworking (~> 1.3)
  - AQGridView (1.3)
  - DEFacebookComposeViewController (1.0.0):
    - Facebook-iOS-SDK (~> 3.1)
  - DWTagList (0.0.2)
  - Facebook-iOS-SDK (3.8.0)
  - HRCoder (1.2.2)
  - jastor (0.1.0)
  - JSONKit (1.5pre)
  - LRResty (0.11.0):
    - NSData+Base64 (~> 1.0)
  - MBProgressHUD (0.7)
  - MGBox2 (2.0.0)
  - NSData+Base64 (1.0.0)
  - NVUIGradientButton (1.5.0)
  - PocketAPI (1.0.2)
  - REActivityViewController (1.6.6):
    - AFNetworking (~> 1.3)
    - AFXAuthClient (~> 1.0.8)
    - DEFacebookComposeViewController (~> 1.0.0)
    - Facebook-iOS-SDK (>= 3.5)
    - PocketAPI (~> 1.0.2)
    - REComposeViewController (~> 2.1.2)
    - SFHFKeychainUtils (~> 0.0.1)
  - REComposeViewController (2.1.2)
  - SFHFKeychainUtils (0.0.1)
  - SIAlertView (1.2)
  - SSToolkit (1.0.4)
  - TDBadgedCell (2.3.1)
  - uservoice-iphone-sdk (2.0.12)

DEPENDENCIES:
  - ABMultiton
  - ACPButton
  - AQGridView
  - DWTagList
  - HRCoder
  - jastor
  - JSONKit
  - LRResty
  - MBProgressHUD (~> 0.7)
  - MGBox2
  - NVUIGradientButton
  - REActivityViewController (~> 1.6.6)
  - SIAlertView
  - SSToolkit
  - TDBadgedCell
  - uservoice-iphone-sdk

SPEC CHECKSUMS:
  ABMultiton: b0a22178919b139e0b3921825ace1b36ca8e8b91
  ACPButton: 187740a84eb54740075178a3125403164c6473df
  AFNetworking: 7f9bcd7c287a75476cd5c61e82fd3380e93e4c54
  AFXAuthClient: 29dfca79bac4d8b1e83a1eeb126b231e03c64fa1
  AQGridView: ee436c64bc4a972ca7f3ce99971c0204af9e65ea
  DEFacebookComposeViewController: b26811d6775594df2a386406655c9f2828f041cc
  DWTagList: 76302ed894130ed285e95eb11e704a55593101ab
  Facebook-iOS-SDK: 55a22fe8bcaacd638cde9014af6b3ee85f4d71fb
  HRCoder: 686700a4246e96844cc898052da171229ee5f65d
  jastor: 9cb5ac45a9abae145d030ba3bf83a679d29738ac
  JSONKit: 409734ab3407fce90ef7eaa95d7168f38d9a6601
  LRResty: 5e4c1b91bc5f878d64e965facd5cc9320b9ed3e2
  MBProgressHUD: 1fd8591a2216d5dec6de24e09187bb03bcbe9946
  MGBox2: 7c09e36c2271f9af16fdb5141a0ca554ecee4d8d
  NSData+Base64: 36c4e5b6479259c1a68866ccd2a8dd385c9744f7
  NVUIGradientButton: 08792b091feb141d89cb375cbb2d2db0cc02371c
  PocketAPI: 2ed51391e6ea7a48c707528f782f5a2cb0eab80e
  REActivityViewController: 1d79c0a2fc07712d3db6996849f0750897883ba5
  REComposeViewController: 6f1ab35ff54d6bfb65374b3f492e414e1ec1a0db
  SFHFKeychainUtils: e828dbd9eaa509486acf95d8de2ebd414c4b7451
  SIAlertView: fd188f66278761f4ff069f517c3deb2be16ecdcc
  SSToolkit: 689acaedac79c2079e492e528a55bcb5db9d98c4
  TDBadgedCell: 091af82e20d9da3be46eb48cfc53129c324a2faa
  uservoice-iphone-sdk: 1a6b31c204a6208225197f100a67d286f51b9f0d

COCOAPODS: 0.23.0
